
Microsoft Visual Studio Solution File, Format Version 12.00
# Visual Studio Version 17
VisualStudioVersion = 17.0.31903.59
MinimumVisualStudioVersion = 10.0.40219.1
Project("{FAE04EC0-301F-11D3-BF4B-00C04F79EFBC}") = "PigeonPea.Shared", "game-essential\shared\PigeonPea.Shared\PigeonPea.Shared.csproj", "{A1234567-1234-1234-1234-123456789ABC}"
EndProject
Project("{FAE04EC0-301F-11D3-BF4B-00C04F79EFBC}") = "PigeonPea.Windows", "..\projects\dungeon\dotnet\windows-app\core\src\PigeonPea.Windows\PigeonPea.Windows.csproj", "{B1234567-1234-1234-1234-123456789ABC}"
EndProject
Project("{FAE04EC0-301F-11D3-BF4B-00C04F79EFBC}") = "PigeonPea.Console", "..\projects\dungeon\dotnet\console-app\core\src\PigeonPea.Console\PigeonPea.Console.csproj", "{C1234567-1234-1234-1234-123456789ABC}"
EndProject
Project("{2150E333-8FDC-42A3-9474-1A3956D46DE8}") = "shared-app.Tests", "shared-app.Tests", "{054E098A-DE7F-C2E2-D498-DCF28B4B3A18}"
EndProject
Project("{FAE04EC0-301F-11D3-BF4B-00C04F79EFBC}") = "PigeonPea.Shared.Tests", "game-essential\core\tests\PigeonPea.Shared.Tests\PigeonPea.Shared.Tests.csproj", "{CD970AA6-D978-4BD9-8F90-9C023DB6BB0D}"
EndProject
Project("{2150E333-8FDC-42A3-9474-1A3956D46DE8}") = "console-app.Tests", "console-app.Tests", "{91848824-DE2F-F91E-F172-D8D4BD0164AA}"
EndProject
Project("{FAE04EC0-301F-11D3-BF4B-00C04F79EFBC}") = "PigeonPea.Console.Tests", "..\projects\dungeon\dotnet\console-app\core\tests\PigeonPea.Console.Tests\PigeonPea.Console.Tests.csproj", "{A2C8A177-2A96-4DD2-B928-C557DF75A173}"
EndProject
Project("{2150E333-8FDC-42A3-9474-1A3956D46DE8}") = "windows-app.Tests", "windows-app.Tests", "{F21C9BF3-AE8D-BEA1-BF85-B7CF85C223EF}"
EndProject
Project("{FAE04EC0-301F-11D3-BF4B-00C04F79EFBC}") = "PigeonPea.Windows.Tests", "..\projects\dungeon\dotnet\windows-app\core\tests\PigeonPea.Windows.Tests\PigeonPea.Windows.Tests.csproj", "{105033B4-9881-496C-AD05-FB0023623922}"
EndProject
Project("{2150E333-8FDC-42A3-9474-1A3956D46DE8}") = "benchmarks", "benchmarks", "{66320409-64EC-F7C5-3DEF-65E7510DAAD1}"
EndProject
Project("{FAE04EC0-301F-11D3-BF4B-00C04F79EFBC}") = "PigeonPea.Benchmarks", "benchmarks\PigeonPea.Benchmarks.csproj", "{3FAEB3A9-DB03-48E6-A82C-5EEC8CB4A03A}"
EndProject
Project("{2150E333-8FDC-42A3-9474-1A3956D46DE8}") = "app-essential", "app-essential", "{91965E0B-06BD-F923-E875-453ABCE7E137}"
EndProject
Project("{2150E333-8FDC-42A3-9474-1A3956D46DE8}") = "core", "core", "{2623FEAD-77C6-7BB6-5D83-B5359FC60587}"
EndProject
Project("{FAE04EC0-301F-11D3-BF4B-00C04F79EFBC}") = "PigeonPea.Contracts", "app-essential\contracts\src\PigeonPea.Contracts\PigeonPea.Contracts.csproj", "{44357D2C-7372-4A47-97EE-02BAC92E071A}"
EndProject
Project("{FAE04EC0-301F-11D3-BF4B-00C04F79EFBC}") = "PigeonPea.Game.Contracts", "game-essential\contracts\src\PigeonPea.Game.Contracts\PigeonPea.Game.Contracts.csproj", "{28640B57-AB32-4463-A1AD-B7B31F27C112}"
EndProject
Project("{2150E333-8FDC-42A3-9474-1A3956D46DE8}") = "console-app", "console-app", "{57067FB5-FBD7-55BD-3751-471D2593C55B}"
EndProject
Project("{2150E333-8FDC-42A3-9474-1A3956D46DE8}") = "plugins", "plugins", "{2888333E-3AC2-D8FF-2B50-8CDB78D3AFA4}"
EndProject
Project("{FAE04EC0-301F-11D3-BF4B-00C04F79EFBC}") = "PigeonPea.Plugins.Rendering.Terminal.ANSI", "..\projects\dungeon\dotnet\console-app\plugins\PigeonPea.Plugins.Rendering.Terminal.ANSI\PigeonPea.Plugins.Rendering.Terminal.ANSI.csproj", "{460ACF5B-8DAD-47DD-AA3A-DF10D331C11C}"
EndProject
Project("{2150E333-8FDC-42A3-9474-1A3956D46DE8}") = "game-essential", "game-essential", "{D5CBEAF3-B4A8-EAF3-2A84-3DA03065FD38}"
EndProject
Project("{2150E333-8FDC-42A3-9474-1A3956D46DE8}") = "core", "core", "{C92906F2-248E-C6FF-901E-AB8558029A35}"
EndProject
Project("{2150E333-8FDC-42A3-9474-1A3956D46DE8}") = "src", "src", "{DC2601A6-B692-DE92-D583-0BBA3BA839B4}"
EndProject
Project("{FAE04EC0-301F-11D3-BF4B-00C04F79EFBC}") = "PigeonPea.Scene.Contracts", "game-essential\contracts\src\PigeonPea.Scene.Contracts\PigeonPea.Scene.Contracts.csproj", "{593AF669-391D-45BC-8448-4A0D18A897BF}"
EndProject
Project("{2150E333-8FDC-42A3-9474-1A3956D46DE8}") = "plugins", "plugins", "{777AEC60-D858-BC0B-7623-C9C9754E00D3}"
EndProject
Project("{2150E333-8FDC-42A3-9474-1A3956D46DE8}") = "src", "src", "{1729745B-B50B-5D7A-6908-632F7734F981}"
EndProject
Project("{FAE04EC0-301F-11D3-BF4B-00C04F79EFBC}") = "PigeonPea.Plugin.Scene.Manager", "game-essential\plugins\src\PigeonPea.Plugin.Scene.Manager\PigeonPea.Plugin.Scene.Manager.csproj", "{D8DB6177-287E-4AEC-B415-BB4E04FB9936}"
EndProject
Project("{2150E333-8FDC-42A3-9474-1A3956D46DE8}") = "tests", "tests", "{D9D670EF-DE77-0B2A-73A4-5C3C776D20C6}"
EndProject
Project("{FAE04EC0-301F-11D3-BF4B-00C04F79EFBC}") = "PigeonPea.Time.Tests", "game-essential\core\tests\PigeonPea.Time.Tests\PigeonPea.Time.Tests.csproj", "{4A6FDFC4-7FB5-44BE-9620-4F3778A1988D}"
EndProject
Project("{FAE04EC0-301F-11D3-BF4B-00C04F79EFBC}") = "PigeonPea.Time.Contracts", "game-essential\contracts\src\PigeonPea.Time.Contracts\PigeonPea.Time.Contracts.csproj", "{ACECF923-C01A-49F0-9082-075030A08C8B}"
EndProject
Project("{FAE04EC0-301F-11D3-BF4B-00C04F79EFBC}") = "PigeonPea.Time.Core", "game-essential\core\src\PigeonPea.Time.Core\PigeonPea.Time.Core.csproj", "{1EB05666-55E5-47EB-BAC3-1FA36F4253C8}"
EndProject
Project("{FAE04EC0-301F-11D3-BF4B-00C04F79EFBC}") = "PigeonPea.Plugin.Time.Harptos", "game-essential\plugins\src\PigeonPea.Plugin.Time.Harptos\PigeonPea.Plugin.Time.Harptos.csproj", "{655AECF5-5B78-4046-BDB7-16D0EFACB09F}"
EndProject
Project("{FAE04EC0-301F-11D3-BF4B-00C04F79EFBC}") = "PigeonPea.Plugin.Time.Configurable", "game-essential\plugins\src\PigeonPea.Plugin.Time.Configurable\PigeonPea.Plugin.Time.Configurable.csproj", "{4CCC3D90-B6A4-4675-878B-6EA8EB2E2988}"
EndProject
Project("{FAE04EC0-301F-11D3-BF4B-00C04F79EFBC}") = "PigeonPea.Shared.ECS", "game-essential\shared\PigeonPea.Shared.ECS\PigeonPea.Shared.ECS.csproj", "{87D6749E-8816-4D7A-BF66-B5A81F1BB462}"
EndProject
Project("{2150E333-8FDC-42A3-9474-1A3956D46DE8}") = "plugins", "plugins", "{07D57EEB-2F50-60C4-C011-FE4FA775C9A8}"
EndProject
Project("{2150E333-8FDC-42A3-9474-1A3956D46DE8}") = "src", "src", "{9ACEEE83-74E3-56F6-3542-E7EB9A54BDF5}"
EndProject
Project("{FAE04EC0-301F-11D3-BF4B-00C04F79EFBC}") = "PigeonPea.Plugin.Stats.Basic", "game-essential\plugins\src\PigeonPea.Plugin.Stats.Basic\PigeonPea.Plugin.Stats.Basic.csproj", "{C1A7345F-5B2A-4309-A427-5366AD0AD1E2}"
EndProject
Project("{FAE04EC0-301F-11D3-BF4B-00C04F79EFBC}") = "PigeonPea.Plugin.Avatar.Basic", "game-essential\plugins\src\PigeonPea.Plugin.Avatar.Basic\PigeonPea.Plugin.Avatar.Basic.csproj", "{101C2CF5-F219-40E2-96D5-3278182F64F5}"
EndProject
Project("{FAE04EC0-301F-11D3-BF4B-00C04F79EFBC}") = "PigeonPea.Plugin.Animation.Basic", "game-essential\plugins\src\PigeonPea.Plugin.Animation.Basic\PigeonPea.Plugin.Animation.Basic.csproj", "{ACDC5C86-7F2B-4E6F-988F-EDE3798B1CA0}"
EndProject
Project("{FAE04EC0-301F-11D3-BF4B-00C04F79EFBC}") = "PigeonPea.Plugin.WorldManagement.Basic", "game-essential\plugins\src\PigeonPea.Plugin.WorldManagement.Basic\PigeonPea.Plugin.WorldManagement.Basic.csproj", "{F04440A6-D400-4A64-BDB2-DF7B4286B9D0}"
EndProject
Project("{FAE04EC0-301F-11D3-BF4B-00C04F79EFBC}") = "PigeonPea.Shared.Gas", "game-essential\shared\PigeonPea.Shared.Gas\PigeonPea.Shared.Gas.csproj", "{C5D558DA-9426-4D0F-967D-D1F3EDAFC9F6}"
EndProject
Project("{FAE04EC0-301F-11D3-BF4B-00C04F79EFBC}") = "PigeonPea.Shared.Goap", "game-essential\shared\PigeonPea.Shared.Goap\PigeonPea.Shared.Goap.csproj", "{AF144BB4-4A8F-4D13-BB81-AE073CB17164}"
EndProject
Project("{FAE04EC0-301F-11D3-BF4B-00C04F79EFBC}") = "PigeonPea.Shared.Perception", "game-essential\shared\PigeonPea.Shared.Perception\PigeonPea.Shared.Perception.csproj", "{53DC7F35-BF30-4A67-9FB5-65DCAF9B984B}"
EndProject
Project("{FAE04EC0-301F-11D3-BF4B-00C04F79EFBC}") = "PigeonPea.Shared.Gas.Tests", "game-essential\core\tests\PigeonPea.Shared.Gas.Tests\PigeonPea.Shared.Gas.Tests.csproj", "{4D8574B5-BB42-46DA-AAE5-4DACD9E1EE1E}"
EndProject
Project("{FAE04EC0-301F-11D3-BF4B-00C04F79EFBC}") = "PigeonPea.Shared.Goap.Tests", "game-essential\core\tests\PigeonPea.Shared.Goap.Tests\PigeonPea.Shared.Goap.Tests.csproj", "{6D1BBCF2-428E-41BA-A5E5-726745BAAB3D}"
EndProject
Project("{FAE04EC0-301F-11D3-BF4B-00C04F79EFBC}") = "PigeonPea.Shared.Perception.Tests", "game-essential\core\tests\PigeonPea.Shared.Perception.Tests\PigeonPea.Shared.Perception.Tests.csproj", "{B431C6B6-51DD-42D5-A793-CF5A4DB28848}"
EndProject
Project("{FAE04EC0-301F-11D3-BF4B-00C04F79EFBC}") = "PigeonPea.Shared.Camera2D", "game-essential\shared\PigeonPea.Shared.Camera2D\PigeonPea.Shared.Camera2D.csproj", "{9DD89401-84E9-4754-891F-20E67BEF3004}"
EndProject
Project("{FAE04EC0-301F-11D3-BF4B-00C04F79EFBC}") = "PigeonPea.Shared.Camera2D.Tests", "game-essential\core\tests\PigeonPea.Shared.Camera2D.Tests\PigeonPea.Shared.Camera2D.Tests.csproj", "{51EB7284-1D0B-442A-BCAF-4A7BEAF28381}"
EndProject
Project("{2150E333-8FDC-42A3-9474-1A3956D46DE8}") = "contracts", "contracts", "{3A3FE11D-7E54-0072-E629-8B6F3F2A232A}"
EndProject
Project("{FAE04EC0-301F-11D3-BF4B-00C04F79EFBC}") = "PigeonPea.Navigation.Contracts", "game-essential\contracts\src\PigeonPea.Navigation.Contracts\PigeonPea.Navigation.Contracts.csproj", "{AEFF5667-4780-49AD-998B-6D1699DBFFAC}"
EndProject
Project("{FAE04EC0-301F-11D3-BF4B-00C04F79EFBC}") = "PigeonPea.Compute.Contracts", "game-essential\contracts\src\PigeonPea.Compute.Contracts\PigeonPea.Compute.Contracts.csproj", "{9E8DE1B7-CF79-4A87-8094-AA12B02870CB}"
EndProject
Project("{FAE04EC0-301F-11D3-BF4B-00C04F79EFBC}") = "PigeonPea.Plugin.Navigation.AStar", "game-essential\plugins\src\PigeonPea.Plugin.Navigation.AStar\PigeonPea.Plugin.Navigation.AStar.csproj", "{E6ED89B7-5C29-4841-8688-E45C2F5A7FA3}"
EndProject
Project("{FAE04EC0-301F-11D3-BF4B-00C04F79EFBC}") = "PigeonPea.Plugin.Navigation.LPAStar", "game-essential\plugins\src\PigeonPea.Plugin.Navigation.LPAStar\PigeonPea.Plugin.Navigation.LPAStar.csproj", "{E55BF0F6-D024-4ACB-93C3-9A56DB81C0B3}"
EndProject
Project("{FAE04EC0-301F-11D3-BF4B-00C04F79EFBC}") = "PigeonPea.Plugin.Navigation.DStarLite", "game-essential\plugins\src\PigeonPea.Plugin.Navigation.DStarLite\PigeonPea.Plugin.Navigation.DStarLite.csproj", "{826C21A4-D085-4424-90F9-6461D5C4E08B}"
EndProject
Project("{2150E333-8FDC-42A3-9474-1A3956D46DE8}") = "contracts", "contracts", "{9B015D02-10AF-268A-4F50-EE90C242490D}"
EndProject
Project("{FAE04EC0-301F-11D3-BF4B-00C04F79EFBC}") = "PigeonPea.Analytics.Contracts", "app-essential\contracts\src\PigeonPea.Analytics.Contracts\PigeonPea.Analytics.Contracts.csproj", "{AAC0AFB2-C1E2-4501-9FB1-EEF01E37C004}"
EndProject
Project("{FAE04EC0-301F-11D3-BF4B-00C04F79EFBC}") = "PigeonPea.Audio.Contracts", "app-essential\contracts\src\PigeonPea.Audio.Contracts\PigeonPea.Audio.Contracts.csproj", "{37B44B3E-1B8A-455E-97C9-12CF2D622A45}"
EndProject
Project("{FAE04EC0-301F-11D3-BF4B-00C04F79EFBC}") = "PigeonPea.Config.Contracts", "app-essential\contracts\src\PigeonPea.Config.Contracts\PigeonPea.Config.Contracts.csproj", "{AF745308-E6A4-40F4-8C08-3B700E6E9263}"
EndProject
Project("{FAE04EC0-301F-11D3-BF4B-00C04F79EFBC}") = "PigeonPea.Diagnostic.Contracts", "app-essential\contracts\src\PigeonPea.Diagnostic.Contracts\PigeonPea.Diagnostic.Contracts.csproj", "{4E74522C-0C02-4D45-BF71-DEF3554BFB5D}"
EndProject
Project("{FAE04EC0-301F-11D3-BF4B-00C04F79EFBC}") = "PigeonPea.Hud.Contracts", "app-essential\contracts\src\PigeonPea.Hud.Contracts\PigeonPea.Hud.Contracts.csproj", "{5E8E1CEA-5673-4343-B872-047EDFCB8A02}"
EndProject
Project("{FAE04EC0-301F-11D3-BF4B-00C04F79EFBC}") = "PigeonPea.Input.Contracts", "app-essential\contracts\src\PigeonPea.Input.Contracts\PigeonPea.Input.Contracts.csproj", "{D72161CD-2F7C-4D46-A4F9-DB323C446D40}"
EndProject
Project("{FAE04EC0-301F-11D3-BF4B-00C04F79EFBC}") = "PigeonPea.Profiling.Contracts", "app-essential\contracts\src\PigeonPea.Profiling.Contracts\PigeonPea.Profiling.Contracts.csproj", "{5F189A04-EBBF-400A-9CAA-1318C55081F2}"
EndProject
Project("{FAE04EC0-301F-11D3-BF4B-00C04F79EFBC}") = "PigeonPea.Recording.Contracts", "app-essential\contracts\src\PigeonPea.Recording.Contracts\PigeonPea.Recording.Contracts.csproj", "{D46785EF-20FB-4050-B322-AE4BA46E541E}"
EndProject
Project("{FAE04EC0-301F-11D3-BF4B-00C04F79EFBC}") = "PigeonPea.Resource.Contracts", "app-essential\contracts\src\PigeonPea.Resource.Contracts\PigeonPea.Resource.Contracts.csproj", "{90DAFD87-28F9-413E-A82A-808BCBC3C7CE}"
EndProject
Global
	GlobalSection(SolutionConfigurationPlatforms) = preSolution
		Debug|Any CPU = Debug|Any CPU
		Debug|x64 = Debug|x64
		Debug|x86 = Debug|x86
		Release|Any CPU = Release|Any CPU
		Release|x64 = Release|x64
		Release|x86 = Release|x86
	EndGlobalSection
	GlobalSection(ProjectConfigurationPlatforms) = postSolution
		{A1234567-1234-1234-1234-123456789ABC}.Debug|Any CPU.ActiveCfg = Debug|Any CPU
		{A1234567-1234-1234-1234-123456789ABC}.Debug|Any CPU.Build.0 = Debug|Any CPU
		{A1234567-1234-1234-1234-123456789ABC}.Debug|x64.ActiveCfg = Debug|Any CPU
		{A1234567-1234-1234-1234-123456789ABC}.Debug|x64.Build.0 = Debug|Any CPU
		{A1234567-1234-1234-1234-123456789ABC}.Debug|x86.ActiveCfg = Debug|Any CPU
		{A1234567-1234-1234-1234-123456789ABC}.Debug|x86.Build.0 = Debug|Any CPU
		{A1234567-1234-1234-1234-123456789ABC}.Release|Any CPU.ActiveCfg = Release|Any CPU
		{A1234567-1234-1234-1234-123456789ABC}.Release|Any CPU.Build.0 = Release|Any CPU
		{A1234567-1234-1234-1234-123456789ABC}.Release|x64.ActiveCfg = Release|Any CPU
		{A1234567-1234-1234-1234-123456789ABC}.Release|x64.Build.0 = Release|Any CPU
		{A1234567-1234-1234-1234-123456789ABC}.Release|x86.ActiveCfg = Release|Any CPU
		{A1234567-1234-1234-1234-123456789ABC}.Release|x86.Build.0 = Release|Any CPU
		{B1234567-1234-1234-1234-123456789ABC}.Debug|Any CPU.ActiveCfg = Debug|Any CPU
		{B1234567-1234-1234-1234-123456789ABC}.Debug|Any CPU.Build.0 = Debug|Any CPU
		{B1234567-1234-1234-1234-123456789ABC}.Debug|x64.ActiveCfg = Debug|Any CPU
		{B1234567-1234-1234-1234-123456789ABC}.Debug|x64.Build.0 = Debug|Any CPU
		{B1234567-1234-1234-1234-123456789ABC}.Debug|x86.ActiveCfg = Debug|Any CPU
		{B1234567-1234-1234-1234-123456789ABC}.Debug|x86.Build.0 = Debug|Any CPU
		{B1234567-1234-1234-1234-123456789ABC}.Release|Any CPU.ActiveCfg = Release|Any CPU
		{B1234567-1234-1234-1234-123456789ABC}.Release|Any CPU.Build.0 = Release|Any CPU
		{B1234567-1234-1234-1234-123456789ABC}.Release|x64.ActiveCfg = Release|Any CPU
		{B1234567-1234-1234-1234-123456789ABC}.Release|x64.Build.0 = Release|Any CPU
		{B1234567-1234-1234-1234-123456789ABC}.Release|x86.ActiveCfg = Release|Any CPU
		{B1234567-1234-1234-1234-123456789ABC}.Release|x86.Build.0 = Release|Any CPU
		{C1234567-1234-1234-1234-123456789ABC}.Debug|Any CPU.ActiveCfg = Debug|Any CPU
		{C1234567-1234-1234-1234-123456789ABC}.Debug|Any CPU.Build.0 = Debug|Any CPU
		{C1234567-1234-1234-1234-123456789ABC}.Debug|x64.ActiveCfg = Debug|Any CPU
		{C1234567-1234-1234-1234-123456789ABC}.Debug|x64.Build.0 = Debug|Any CPU
		{C1234567-1234-1234-1234-123456789ABC}.Debug|x86.ActiveCfg = Debug|Any CPU
		{C1234567-1234-1234-1234-123456789ABC}.Debug|x86.Build.0 = Debug|Any CPU
		{C1234567-1234-1234-1234-123456789ABC}.Release|Any CPU.ActiveCfg = Release|Any CPU
		{C1234567-1234-1234-1234-123456789ABC}.Release|Any CPU.Build.0 = Release|Any CPU
		{C1234567-1234-1234-1234-123456789ABC}.Release|x64.ActiveCfg = Release|Any CPU
		{C1234567-1234-1234-1234-123456789ABC}.Release|x64.Build.0 = Release|Any CPU
		{C1234567-1234-1234-1234-123456789ABC}.Release|x86.ActiveCfg = Release|Any CPU
		{C1234567-1234-1234-1234-123456789ABC}.Release|x86.Build.0 = Release|Any CPU
		{CD970AA6-D978-4BD9-8F90-9C023DB6BB0D}.Debug|Any CPU.ActiveCfg = Debug|Any CPU
		{CD970AA6-D978-4BD9-8F90-9C023DB6BB0D}.Debug|Any CPU.Build.0 = Debug|Any CPU
		{CD970AA6-D978-4BD9-8F90-9C023DB6BB0D}.Debug|x64.ActiveCfg = Debug|Any CPU
		{CD970AA6-D978-4BD9-8F90-9C023DB6BB0D}.Debug|x64.Build.0 = Debug|Any CPU
		{CD970AA6-D978-4BD9-8F90-9C023DB6BB0D}.Debug|x86.ActiveCfg = Debug|Any CPU
		{CD970AA6-D978-4BD9-8F90-9C023DB6BB0D}.Debug|x86.Build.0 = Debug|Any CPU
		{CD970AA6-D978-4BD9-8F90-9C023DB6BB0D}.Release|Any CPU.ActiveCfg = Release|Any CPU
		{CD970AA6-D978-4BD9-8F90-9C023DB6BB0D}.Release|Any CPU.Build.0 = Release|Any CPU
		{CD970AA6-D978-4BD9-8F90-9C023DB6BB0D}.Release|x64.ActiveCfg = Release|Any CPU
		{CD970AA6-D978-4BD9-8F90-9C023DB6BB0D}.Release|x64.Build.0 = Release|Any CPU
		{CD970AA6-D978-4BD9-8F90-9C023DB6BB0D}.Release|x86.ActiveCfg = Release|Any CPU
		{CD970AA6-D978-4BD9-8F90-9C023DB6BB0D}.Release|x86.Build.0 = Release|Any CPU
		{A2C8A177-2A96-4DD2-B928-C557DF75A173}.Debug|Any CPU.ActiveCfg = Debug|Any CPU
		{A2C8A177-2A96-4DD2-B928-C557DF75A173}.Debug|Any CPU.Build.0 = Debug|Any CPU
		{A2C8A177-2A96-4DD2-B928-C557DF75A173}.Debug|x64.ActiveCfg = Debug|Any CPU
		{A2C8A177-2A96-4DD2-B928-C557DF75A173}.Debug|x64.Build.0 = Debug|Any CPU
		{A2C8A177-2A96-4DD2-B928-C557DF75A173}.Debug|x86.ActiveCfg = Debug|Any CPU
		{A2C8A177-2A96-4DD2-B928-C557DF75A173}.Debug|x86.Build.0 = Debug|Any CPU
		{A2C8A177-2A96-4DD2-B928-C557DF75A173}.Release|Any CPU.ActiveCfg = Release|Any CPU
		{A2C8A177-2A96-4DD2-B928-C557DF75A173}.Release|Any CPU.Build.0 = Release|Any CPU
		{A2C8A177-2A96-4DD2-B928-C557DF75A173}.Release|x64.ActiveCfg = Release|Any CPU
		{A2C8A177-2A96-4DD2-B928-C557DF75A173}.Release|x64.Build.0 = Release|Any CPU
		{A2C8A177-2A96-4DD2-B928-C557DF75A173}.Release|x86.ActiveCfg = Release|Any CPU
		{A2C8A177-2A96-4DD2-B928-C557DF75A173}.Release|x86.Build.0 = Release|Any CPU
		{105033B4-9881-496C-AD05-FB0023623922}.Debug|Any CPU.ActiveCfg = Debug|Any CPU
		{105033B4-9881-496C-AD05-FB0023623922}.Debug|Any CPU.Build.0 = Debug|Any CPU
		{105033B4-9881-496C-AD05-FB0023623922}.Debug|x64.ActiveCfg = Debug|Any CPU
		{105033B4-9881-496C-AD05-FB0023623922}.Debug|x64.Build.0 = Debug|Any CPU
		{105033B4-9881-496C-AD05-FB0023623922}.Debug|x86.ActiveCfg = Debug|Any CPU
		{105033B4-9881-496C-AD05-FB0023623922}.Debug|x86.Build.0 = Debug|Any CPU
		{105033B4-9881-496C-AD05-FB0023623922}.Release|Any CPU.ActiveCfg = Release|Any CPU
		{105033B4-9881-496C-AD05-FB0023623922}.Release|Any CPU.Build.0 = Release|Any CPU
		{105033B4-9881-496C-AD05-FB0023623922}.Release|x64.ActiveCfg = Release|Any CPU
		{105033B4-9881-496C-AD05-FB0023623922}.Release|x64.Build.0 = Release|Any CPU
		{105033B4-9881-496C-AD05-FB0023623922}.Release|x86.ActiveCfg = Release|Any CPU
		{105033B4-9881-496C-AD05-FB0023623922}.Release|x86.Build.0 = Release|Any CPU
		{3FAEB3A9-DB03-48E6-A82C-5EEC8CB4A03A}.Debug|Any CPU.ActiveCfg = Debug|Any CPU
		{3FAEB3A9-DB03-48E6-A82C-5EEC8CB4A03A}.Debug|Any CPU.Build.0 = Debug|Any CPU
		{3FAEB3A9-DB03-48E6-A82C-5EEC8CB4A03A}.Debug|x64.ActiveCfg = Debug|Any CPU
		{3FAEB3A9-DB03-48E6-A82C-5EEC8CB4A03A}.Debug|x64.Build.0 = Debug|Any CPU
		{3FAEB3A9-DB03-48E6-A82C-5EEC8CB4A03A}.Debug|x86.ActiveCfg = Debug|Any CPU
		{3FAEB3A9-DB03-48E6-A82C-5EEC8CB4A03A}.Debug|x86.Build.0 = Debug|Any CPU
		{3FAEB3A9-DB03-48E6-A82C-5EEC8CB4A03A}.Release|Any CPU.ActiveCfg = Release|Any CPU
		{3FAEB3A9-DB03-48E6-A82C-5EEC8CB4A03A}.Release|Any CPU.Build.0 = Release|Any CPU
		{3FAEB3A9-DB03-48E6-A82C-5EEC8CB4A03A}.Release|x64.ActiveCfg = Release|Any CPU
		{3FAEB3A9-DB03-48E6-A82C-5EEC8CB4A03A}.Release|x64.Build.0 = Release|Any CPU
		{3FAEB3A9-DB03-48E6-A82C-5EEC8CB4A03A}.Release|x86.ActiveCfg = Release|Any CPU
		{3FAEB3A9-DB03-48E6-A82C-5EEC8CB4A03A}.Release|x86.Build.0 = Release|Any CPU
		{44357D2C-7372-4A47-97EE-02BAC92E071A}.Debug|Any CPU.ActiveCfg = Debug|Any CPU
		{44357D2C-7372-4A47-97EE-02BAC92E071A}.Debug|Any CPU.Build.0 = Debug|Any CPU
		{44357D2C-7372-4A47-97EE-02BAC92E071A}.Debug|x64.ActiveCfg = Debug|Any CPU
		{44357D2C-7372-4A47-97EE-02BAC92E071A}.Debug|x64.Build.0 = Debug|Any CPU
		{44357D2C-7372-4A47-97EE-02BAC92E071A}.Debug|x86.ActiveCfg = Debug|Any CPU
		{44357D2C-7372-4A47-97EE-02BAC92E071A}.Debug|x86.Build.0 = Debug|Any CPU
		{44357D2C-7372-4A47-97EE-02BAC92E071A}.Release|Any CPU.ActiveCfg = Release|Any CPU
		{44357D2C-7372-4A47-97EE-02BAC92E071A}.Release|Any CPU.Build.0 = Release|Any CPU
		{44357D2C-7372-4A47-97EE-02BAC92E071A}.Release|x64.ActiveCfg = Release|Any CPU
		{44357D2C-7372-4A47-97EE-02BAC92E071A}.Release|x64.Build.0 = Release|Any CPU
		{44357D2C-7372-4A47-97EE-02BAC92E071A}.Release|x86.ActiveCfg = Release|Any CPU
		{44357D2C-7372-4A47-97EE-02BAC92E071A}.Release|x86.Build.0 = Release|Any CPU
		{28640B57-AB32-4463-A1AD-B7B31F27C112}.Debug|Any CPU.ActiveCfg = Debug|Any CPU
		{28640B57-AB32-4463-A1AD-B7B31F27C112}.Debug|Any CPU.Build.0 = Debug|Any CPU
		{28640B57-AB32-4463-A1AD-B7B31F27C112}.Debug|x64.ActiveCfg = Debug|Any CPU
		{28640B57-AB32-4463-A1AD-B7B31F27C112}.Debug|x64.Build.0 = Debug|Any CPU
		{28640B57-AB32-4463-A1AD-B7B31F27C112}.Debug|x86.ActiveCfg = Debug|Any CPU
		{28640B57-AB32-4463-A1AD-B7B31F27C112}.Debug|x86.Build.0 = Debug|Any CPU
		{28640B57-AB32-4463-A1AD-B7B31F27C112}.Release|Any CPU.ActiveCfg = Release|Any CPU
		{28640B57-AB32-4463-A1AD-B7B31F27C112}.Release|Any CPU.Build.0 = Release|Any CPU
		{28640B57-AB32-4463-A1AD-B7B31F27C112}.Release|x64.ActiveCfg = Release|Any CPU
		{28640B57-AB32-4463-A1AD-B7B31F27C112}.Release|x64.Build.0 = Release|Any CPU
		{28640B57-AB32-4463-A1AD-B7B31F27C112}.Release|x86.ActiveCfg = Release|Any CPU
		{28640B57-AB32-4463-A1AD-B7B31F27C112}.Release|x86.Build.0 = Release|Any CPU
		{460ACF5B-8DAD-47DD-AA3A-DF10D331C11C}.Debug|Any CPU.ActiveCfg = Debug|Any CPU
		{460ACF5B-8DAD-47DD-AA3A-DF10D331C11C}.Debug|Any CPU.Build.0 = Debug|Any CPU
		{460ACF5B-8DAD-47DD-AA3A-DF10D331C11C}.Debug|x64.ActiveCfg = Debug|Any CPU
		{460ACF5B-8DAD-47DD-AA3A-DF10D331C11C}.Debug|x64.Build.0 = Debug|Any CPU
		{460ACF5B-8DAD-47DD-AA3A-DF10D331C11C}.Debug|x86.ActiveCfg = Debug|Any CPU
		{460ACF5B-8DAD-47DD-AA3A-DF10D331C11C}.Debug|x86.Build.0 = Debug|Any CPU
		{460ACF5B-8DAD-47DD-AA3A-DF10D331C11C}.Release|Any CPU.ActiveCfg = Release|Any CPU
		{460ACF5B-8DAD-47DD-AA3A-DF10D331C11C}.Release|Any CPU.Build.0 = Release|Any CPU
		{460ACF5B-8DAD-47DD-AA3A-DF10D331C11C}.Release|x64.ActiveCfg = Release|Any CPU
		{460ACF5B-8DAD-47DD-AA3A-DF10D331C11C}.Release|x64.Build.0 = Release|Any CPU
		{460ACF5B-8DAD-47DD-AA3A-DF10D331C11C}.Release|x86.ActiveCfg = Release|Any CPU
		{460ACF5B-8DAD-47DD-AA3A-DF10D331C11C}.Release|x86.Build.0 = Release|Any CPU
		{593AF669-391D-45BC-8448-4A0D18A897BF}.Debug|Any CPU.ActiveCfg = Debug|Any CPU
		{593AF669-391D-45BC-8448-4A0D18A897BF}.Debug|Any CPU.Build.0 = Debug|Any CPU
		{593AF669-391D-45BC-8448-4A0D18A897BF}.Debug|x64.ActiveCfg = Debug|Any CPU
		{593AF669-391D-45BC-8448-4A0D18A897BF}.Debug|x64.Build.0 = Debug|Any CPU
		{593AF669-391D-45BC-8448-4A0D18A897BF}.Debug|x86.ActiveCfg = Debug|Any CPU
		{593AF669-391D-45BC-8448-4A0D18A897BF}.Debug|x86.Build.0 = Debug|Any CPU
		{593AF669-391D-45BC-8448-4A0D18A897BF}.Release|Any CPU.ActiveCfg = Release|Any CPU
		{593AF669-391D-45BC-8448-4A0D18A897BF}.Release|Any CPU.Build.0 = Release|Any CPU
		{593AF669-391D-45BC-8448-4A0D18A897BF}.Release|x64.ActiveCfg = Release|Any CPU
		{593AF669-391D-45BC-8448-4A0D18A897BF}.Release|x64.Build.0 = Release|Any CPU
		{593AF669-391D-45BC-8448-4A0D18A897BF}.Release|x86.ActiveCfg = Release|Any CPU
		{593AF669-391D-45BC-8448-4A0D18A897BF}.Release|x86.Build.0 = Release|Any CPU
		{D8DB6177-287E-4AEC-B415-BB4E04FB9936}.Debug|Any CPU.ActiveCfg = Debug|Any CPU
		{D8DB6177-287E-4AEC-B415-BB4E04FB9936}.Debug|Any CPU.Build.0 = Debug|Any CPU
		{D8DB6177-287E-4AEC-B415-BB4E04FB9936}.Debug|x64.ActiveCfg = Debug|Any CPU
		{D8DB6177-287E-4AEC-B415-BB4E04FB9936}.Debug|x64.Build.0 = Debug|Any CPU
		{D8DB6177-287E-4AEC-B415-BB4E04FB9936}.Debug|x86.ActiveCfg = Debug|Any CPU
		{D8DB6177-287E-4AEC-B415-BB4E04FB9936}.Debug|x86.Build.0 = Debug|Any CPU
		{D8DB6177-287E-4AEC-B415-BB4E04FB9936}.Release|Any CPU.ActiveCfg = Release|Any CPU
		{D8DB6177-287E-4AEC-B415-BB4E04FB9936}.Release|Any CPU.Build.0 = Release|Any CPU
		{D8DB6177-287E-4AEC-B415-BB4E04FB9936}.Release|x64.ActiveCfg = Release|Any CPU
		{D8DB6177-287E-4AEC-B415-BB4E04FB9936}.Release|x64.Build.0 = Release|Any CPU
		{D8DB6177-287E-4AEC-B415-BB4E04FB9936}.Release|x86.ActiveCfg = Release|Any CPU
		{D8DB6177-287E-4AEC-B415-BB4E04FB9936}.Release|x86.Build.0 = Release|Any CPU
		{4A6FDFC4-7FB5-44BE-9620-4F3778A1988D}.Debug|Any CPU.ActiveCfg = Debug|Any CPU
		{4A6FDFC4-7FB5-44BE-9620-4F3778A1988D}.Debug|Any CPU.Build.0 = Debug|Any CPU
		{4A6FDFC4-7FB5-44BE-9620-4F3778A1988D}.Debug|x64.ActiveCfg = Debug|Any CPU
		{4A6FDFC4-7FB5-44BE-9620-4F3778A1988D}.Debug|x64.Build.0 = Debug|Any CPU
		{4A6FDFC4-7FB5-44BE-9620-4F3778A1988D}.Debug|x86.ActiveCfg = Debug|Any CPU
		{4A6FDFC4-7FB5-44BE-9620-4F3778A1988D}.Debug|x86.Build.0 = Debug|Any CPU
		{4A6FDFC4-7FB5-44BE-9620-4F3778A1988D}.Release|Any CPU.ActiveCfg = Release|Any CPU
		{4A6FDFC4-7FB5-44BE-9620-4F3778A1988D}.Release|Any CPU.Build.0 = Release|Any CPU
		{4A6FDFC4-7FB5-44BE-9620-4F3778A1988D}.Release|x64.ActiveCfg = Release|Any CPU
		{4A6FDFC4-7FB5-44BE-9620-4F3778A1988D}.Release|x64.Build.0 = Release|Any CPU
		{4A6FDFC4-7FB5-44BE-9620-4F3778A1988D}.Release|x86.ActiveCfg = Release|Any CPU
		{4A6FDFC4-7FB5-44BE-9620-4F3778A1988D}.Release|x86.Build.0 = Release|Any CPU
		{ACECF923-C01A-49F0-9082-075030A08C8B}.Debug|Any CPU.ActiveCfg = Debug|Any CPU
		{ACECF923-C01A-49F0-9082-075030A08C8B}.Debug|Any CPU.Build.0 = Debug|Any CPU
		{ACECF923-C01A-49F0-9082-075030A08C8B}.Debug|x64.ActiveCfg = Debug|Any CPU
		{ACECF923-C01A-49F0-9082-075030A08C8B}.Debug|x64.Build.0 = Debug|Any CPU
		{ACECF923-C01A-49F0-9082-075030A08C8B}.Debug|x86.ActiveCfg = Debug|Any CPU
		{ACECF923-C01A-49F0-9082-075030A08C8B}.Debug|x86.Build.0 = Debug|Any CPU
		{ACECF923-C01A-49F0-9082-075030A08C8B}.Release|Any CPU.ActiveCfg = Release|Any CPU
		{ACECF923-C01A-49F0-9082-075030A08C8B}.Release|Any CPU.Build.0 = Release|Any CPU
		{ACECF923-C01A-49F0-9082-075030A08C8B}.Release|x64.ActiveCfg = Release|Any CPU
		{ACECF923-C01A-49F0-9082-075030A08C8B}.Release|x64.Build.0 = Release|Any CPU
		{ACECF923-C01A-49F0-9082-075030A08C8B}.Release|x86.ActiveCfg = Release|Any CPU
		{ACECF923-C01A-49F0-9082-075030A08C8B}.Release|x86.Build.0 = Release|Any CPU
		{1EB05666-55E5-47EB-BAC3-1FA36F4253C8}.Debug|Any CPU.ActiveCfg = Debug|Any CPU
		{1EB05666-55E5-47EB-BAC3-1FA36F4253C8}.Debug|Any CPU.Build.0 = Debug|Any CPU
		{1EB05666-55E5-47EB-BAC3-1FA36F4253C8}.Debug|x64.ActiveCfg = Debug|Any CPU
		{1EB05666-55E5-47EB-BAC3-1FA36F4253C8}.Debug|x64.Build.0 = Debug|Any CPU
		{1EB05666-55E5-47EB-BAC3-1FA36F4253C8}.Debug|x86.ActiveCfg = Debug|Any CPU
		{1EB05666-55E5-47EB-BAC3-1FA36F4253C8}.Debug|x86.Build.0 = Debug|Any CPU
		{1EB05666-55E5-47EB-BAC3-1FA36F4253C8}.Release|Any CPU.ActiveCfg = Release|Any CPU
		{1EB05666-55E5-47EB-BAC3-1FA36F4253C8}.Release|Any CPU.Build.0 = Release|Any CPU
		{1EB05666-55E5-47EB-BAC3-1FA36F4253C8}.Release|x64.ActiveCfg = Release|Any CPU
		{1EB05666-55E5-47EB-BAC3-1FA36F4253C8}.Release|x64.Build.0 = Release|Any CPU
		{1EB05666-55E5-47EB-BAC3-1FA36F4253C8}.Release|x86.ActiveCfg = Release|Any CPU
		{1EB05666-55E5-47EB-BAC3-1FA36F4253C8}.Release|x86.Build.0 = Release|Any CPU
		{655AECF5-5B78-4046-BDB7-16D0EFACB09F}.Debug|Any CPU.ActiveCfg = Debug|Any CPU
		{655AECF5-5B78-4046-BDB7-16D0EFACB09F}.Debug|Any CPU.Build.0 = Debug|Any CPU
		{655AECF5-5B78-4046-BDB7-16D0EFACB09F}.Debug|x64.ActiveCfg = Debug|Any CPU
		{655AECF5-5B78-4046-BDB7-16D0EFACB09F}.Debug|x64.Build.0 = Debug|Any CPU
		{655AECF5-5B78-4046-BDB7-16D0EFACB09F}.Debug|x86.ActiveCfg = Debug|Any CPU
		{655AECF5-5B78-4046-BDB7-16D0EFACB09F}.Debug|x86.Build.0 = Debug|Any CPU
		{655AECF5-5B78-4046-BDB7-16D0EFACB09F}.Release|Any CPU.ActiveCfg = Release|Any CPU
		{655AECF5-5B78-4046-BDB7-16D0EFACB09F}.Release|Any CPU.Build.0 = Release|Any CPU
		{655AECF5-5B78-4046-BDB7-16D0EFACB09F}.Release|x64.ActiveCfg = Release|Any CPU
		{655AECF5-5B78-4046-BDB7-16D0EFACB09F}.Release|x64.Build.0 = Release|Any CPU
		{655AECF5-5B78-4046-BDB7-16D0EFACB09F}.Release|x86.ActiveCfg = Release|Any CPU
		{655AECF5-5B78-4046-BDB7-16D0EFACB09F}.Release|x86.Build.0 = Release|Any CPU
		{4CCC3D90-B6A4-4675-878B-6EA8EB2E2988}.Debug|Any CPU.ActiveCfg = Debug|Any CPU
		{4CCC3D90-B6A4-4675-878B-6EA8EB2E2988}.Debug|Any CPU.Build.0 = Debug|Any CPU
		{4CCC3D90-B6A4-4675-878B-6EA8EB2E2988}.Debug|x64.ActiveCfg = Debug|Any CPU
		{4CCC3D90-B6A4-4675-878B-6EA8EB2E2988}.Debug|x64.Build.0 = Debug|Any CPU
		{4CCC3D90-B6A4-4675-878B-6EA8EB2E2988}.Debug|x86.ActiveCfg = Debug|Any CPU
		{4CCC3D90-B6A4-4675-878B-6EA8EB2E2988}.Debug|x86.Build.0 = Debug|Any CPU
		{4CCC3D90-B6A4-4675-878B-6EA8EB2E2988}.Release|Any CPU.ActiveCfg = Release|Any CPU
		{4CCC3D90-B6A4-4675-878B-6EA8EB2E2988}.Release|Any CPU.Build.0 = Release|Any CPU
		{4CCC3D90-B6A4-4675-878B-6EA8EB2E2988}.Release|x64.ActiveCfg = Release|Any CPU
		{4CCC3D90-B6A4-4675-878B-6EA8EB2E2988}.Release|x64.Build.0 = Release|Any CPU
		{4CCC3D90-B6A4-4675-878B-6EA8EB2E2988}.Release|x86.ActiveCfg = Release|Any CPU
		{4CCC3D90-B6A4-4675-878B-6EA8EB2E2988}.Release|x86.Build.0 = Release|Any CPU
		{87D6749E-8816-4D7A-BF66-B5A81F1BB462}.Debug|Any CPU.ActiveCfg = Debug|Any CPU
		{87D6749E-8816-4D7A-BF66-B5A81F1BB462}.Debug|Any CPU.Build.0 = Debug|Any CPU
		{87D6749E-8816-4D7A-BF66-B5A81F1BB462}.Debug|x64.ActiveCfg = Debug|Any CPU
		{87D6749E-8816-4D7A-BF66-B5A81F1BB462}.Debug|x64.Build.0 = Debug|Any CPU
		{87D6749E-8816-4D7A-BF66-B5A81F1BB462}.Debug|x86.ActiveCfg = Debug|Any CPU
		{87D6749E-8816-4D7A-BF66-B5A81F1BB462}.Debug|x86.Build.0 = Debug|Any CPU
		{87D6749E-8816-4D7A-BF66-B5A81F1BB462}.Release|Any CPU.ActiveCfg = Release|Any CPU
		{87D6749E-8816-4D7A-BF66-B5A81F1BB462}.Release|Any CPU.Build.0 = Release|Any CPU
		{87D6749E-8816-4D7A-BF66-B5A81F1BB462}.Release|x64.ActiveCfg = Release|Any CPU
		{87D6749E-8816-4D7A-BF66-B5A81F1BB462}.Release|x64.Build.0 = Release|Any CPU
		{87D6749E-8816-4D7A-BF66-B5A81F1BB462}.Release|x86.ActiveCfg = Release|Any CPU
		{87D6749E-8816-4D7A-BF66-B5A81F1BB462}.Release|x86.Build.0 = Release|Any CPU
		{C1A7345F-5B2A-4309-A427-5366AD0AD1E2}.Debug|Any CPU.ActiveCfg = Debug|Any CPU
		{C1A7345F-5B2A-4309-A427-5366AD0AD1E2}.Debug|Any CPU.Build.0 = Debug|Any CPU
		{C1A7345F-5B2A-4309-A427-5366AD0AD1E2}.Debug|x64.ActiveCfg = Debug|Any CPU
		{C1A7345F-5B2A-4309-A427-5366AD0AD1E2}.Debug|x64.Build.0 = Debug|Any CPU
		{C1A7345F-5B2A-4309-A427-5366AD0AD1E2}.Debug|x86.ActiveCfg = Debug|Any CPU
		{C1A7345F-5B2A-4309-A427-5366AD0AD1E2}.Debug|x86.Build.0 = Debug|Any CPU
		{C1A7345F-5B2A-4309-A427-5366AD0AD1E2}.Release|Any CPU.ActiveCfg = Release|Any CPU
		{C1A7345F-5B2A-4309-A427-5366AD0AD1E2}.Release|Any CPU.Build.0 = Release|Any CPU
		{C1A7345F-5B2A-4309-A427-5366AD0AD1E2}.Release|x64.ActiveCfg = Release|Any CPU
		{C1A7345F-5B2A-4309-A427-5366AD0AD1E2}.Release|x64.Build.0 = Release|Any CPU
		{C1A7345F-5B2A-4309-A427-5366AD0AD1E2}.Release|x86.ActiveCfg = Release|Any CPU
		{C1A7345F-5B2A-4309-A427-5366AD0AD1E2}.Release|x86.Build.0 = Release|Any CPU
		{101C2CF5-F219-40E2-96D5-3278182F64F5}.Debug|Any CPU.ActiveCfg = Debug|Any CPU
		{101C2CF5-F219-40E2-96D5-3278182F64F5}.Debug|Any CPU.Build.0 = Debug|Any CPU
		{101C2CF5-F219-40E2-96D5-3278182F64F5}.Debug|x64.ActiveCfg = Debug|Any CPU
		{101C2CF5-F219-40E2-96D5-3278182F64F5}.Debug|x64.Build.0 = Debug|Any CPU
		{101C2CF5-F219-40E2-96D5-3278182F64F5}.Debug|x86.ActiveCfg = Debug|Any CPU
		{101C2CF5-F219-40E2-96D5-3278182F64F5}.Debug|x86.Build.0 = Debug|Any CPU
		{101C2CF5-F219-40E2-96D5-3278182F64F5}.Release|Any CPU.ActiveCfg = Release|Any CPU
		{101C2CF5-F219-40E2-96D5-3278182F64F5}.Release|Any CPU.Build.0 = Release|Any CPU
		{101C2CF5-F219-40E2-96D5-3278182F64F5}.Release|x64.ActiveCfg = Release|Any CPU
		{101C2CF5-F219-40E2-96D5-3278182F64F5}.Release|x64.Build.0 = Release|Any CPU
		{101C2CF5-F219-40E2-96D5-3278182F64F5}.Release|x86.ActiveCfg = Release|Any CPU
		{101C2CF5-F219-40E2-96D5-3278182F64F5}.Release|x86.Build.0 = Release|Any CPU
		{ACDC5C86-7F2B-4E6F-988F-EDE3798B1CA0}.Debug|Any CPU.ActiveCfg = Debug|Any CPU
		{ACDC5C86-7F2B-4E6F-988F-EDE3798B1CA0}.Debug|Any CPU.Build.0 = Debug|Any CPU
		{ACDC5C86-7F2B-4E6F-988F-EDE3798B1CA0}.Debug|x64.ActiveCfg = Debug|Any CPU
		{ACDC5C86-7F2B-4E6F-988F-EDE3798B1CA0}.Debug|x64.Build.0 = Debug|Any CPU
		{ACDC5C86-7F2B-4E6F-988F-EDE3798B1CA0}.Debug|x86.ActiveCfg = Debug|Any CPU
		{ACDC5C86-7F2B-4E6F-988F-EDE3798B1CA0}.Debug|x86.Build.0 = Debug|Any CPU
		{ACDC5C86-7F2B-4E6F-988F-EDE3798B1CA0}.Release|Any CPU.ActiveCfg = Release|Any CPU
		{ACDC5C86-7F2B-4E6F-988F-EDE3798B1CA0}.Release|Any CPU.Build.0 = Release|Any CPU
		{ACDC5C86-7F2B-4E6F-988F-EDE3798B1CA0}.Release|x64.ActiveCfg = Release|Any CPU
		{ACDC5C86-7F2B-4E6F-988F-EDE3798B1CA0}.Release|x64.Build.0 = Release|Any CPU
		{ACDC5C86-7F2B-4E6F-988F-EDE3798B1CA0}.Release|x86.ActiveCfg = Release|Any CPU
		{ACDC5C86-7F2B-4E6F-988F-EDE3798B1CA0}.Release|x86.Build.0 = Release|Any CPU
		{F04440A6-D400-4A64-BDB2-DF7B4286B9D0}.Debug|Any CPU.ActiveCfg = Debug|Any CPU
		{F04440A6-D400-4A64-BDB2-DF7B4286B9D0}.Debug|Any CPU.Build.0 = Debug|Any CPU
		{F04440A6-D400-4A64-BDB2-DF7B4286B9D0}.Debug|x64.ActiveCfg = Debug|Any CPU
		{F04440A6-D400-4A64-BDB2-DF7B4286B9D0}.Debug|x64.Build.0 = Debug|Any CPU
		{F04440A6-D400-4A64-BDB2-DF7B4286B9D0}.Debug|x86.ActiveCfg = Debug|Any CPU
		{F04440A6-D400-4A64-BDB2-DF7B4286B9D0}.Debug|x86.Build.0 = Debug|Any CPU
		{F04440A6-D400-4A64-BDB2-DF7B4286B9D0}.Release|Any CPU.ActiveCfg = Release|Any CPU
		{F04440A6-D400-4A64-BDB2-DF7B4286B9D0}.Release|Any CPU.Build.0 = Release|Any CPU
		{F04440A6-D400-4A64-BDB2-DF7B4286B9D0}.Release|x64.ActiveCfg = Release|Any CPU
		{F04440A6-D400-4A64-BDB2-DF7B4286B9D0}.Release|x64.Build.0 = Release|Any CPU
		{F04440A6-D400-4A64-BDB2-DF7B4286B9D0}.Release|x86.ActiveCfg = Release|Any CPU
		{F04440A6-D400-4A64-BDB2-DF7B4286B9D0}.Release|x86.Build.0 = Release|Any CPU
		{C5D558DA-9426-4D0F-967D-D1F3EDAFC9F6}.Debug|Any CPU.ActiveCfg = Debug|Any CPU
		{C5D558DA-9426-4D0F-967D-D1F3EDAFC9F6}.Debug|Any CPU.Build.0 = Debug|Any CPU
		{C5D558DA-9426-4D0F-967D-D1F3EDAFC9F6}.Debug|x64.ActiveCfg = Debug|Any CPU
		{C5D558DA-9426-4D0F-967D-D1F3EDAFC9F6}.Debug|x64.Build.0 = Debug|Any CPU
		{C5D558DA-9426-4D0F-967D-D1F3EDAFC9F6}.Debug|x86.ActiveCfg = Debug|Any CPU
		{C5D558DA-9426-4D0F-967D-D1F3EDAFC9F6}.Debug|x86.Build.0 = Debug|Any CPU
		{C5D558DA-9426-4D0F-967D-D1F3EDAFC9F6}.Release|Any CPU.ActiveCfg = Release|Any CPU
		{C5D558DA-9426-4D0F-967D-D1F3EDAFC9F6}.Release|Any CPU.Build.0 = Release|Any CPU
		{C5D558DA-9426-4D0F-967D-D1F3EDAFC9F6}.Release|x64.ActiveCfg = Release|Any CPU
		{C5D558DA-9426-4D0F-967D-D1F3EDAFC9F6}.Release|x64.Build.0 = Release|Any CPU
		{C5D558DA-9426-4D0F-967D-D1F3EDAFC9F6}.Release|x86.ActiveCfg = Release|Any CPU
		{C5D558DA-9426-4D0F-967D-D1F3EDAFC9F6}.Release|x86.Build.0 = Release|Any CPU
		{AF144BB4-4A8F-4D13-BB81-AE073CB17164}.Debug|Any CPU.ActiveCfg = Debug|Any CPU
		{AF144BB4-4A8F-4D13-BB81-AE073CB17164}.Debug|Any CPU.Build.0 = Debug|Any CPU
		{AF144BB4-4A8F-4D13-BB81-AE073CB17164}.Debug|x64.ActiveCfg = Debug|Any CPU
		{AF144BB4-4A8F-4D13-BB81-AE073CB17164}.Debug|x64.Build.0 = Debug|Any CPU
		{AF144BB4-4A8F-4D13-BB81-AE073CB17164}.Debug|x86.ActiveCfg = Debug|Any CPU
		{AF144BB4-4A8F-4D13-BB81-AE073CB17164}.Debug|x86.Build.0 = Debug|Any CPU
		{AF144BB4-4A8F-4D13-BB81-AE073CB17164}.Release|Any CPU.ActiveCfg = Release|Any CPU
		{AF144BB4-4A8F-4D13-BB81-AE073CB17164}.Release|Any CPU.Build.0 = Release|Any CPU
		{AF144BB4-4A8F-4D13-BB81-AE073CB17164}.Release|x64.ActiveCfg = Release|Any CPU
		{AF144BB4-4A8F-4D13-BB81-AE073CB17164}.Release|x64.Build.0 = Release|Any CPU
		{AF144BB4-4A8F-4D13-BB81-AE073CB17164}.Release|x86.ActiveCfg = Release|Any CPU
		{AF144BB4-4A8F-4D13-BB81-AE073CB17164}.Release|x86.Build.0 = Release|Any CPU
		{53DC7F35-BF30-4A67-9FB5-65DCAF9B984B}.Debug|Any CPU.ActiveCfg = Debug|Any CPU
		{53DC7F35-BF30-4A67-9FB5-65DCAF9B984B}.Debug|Any CPU.Build.0 = Debug|Any CPU
		{53DC7F35-BF30-4A67-9FB5-65DCAF9B984B}.Debug|x64.ActiveCfg = Debug|Any CPU
		{53DC7F35-BF30-4A67-9FB5-65DCAF9B984B}.Debug|x64.Build.0 = Debug|Any CPU
		{53DC7F35-BF30-4A67-9FB5-65DCAF9B984B}.Debug|x86.ActiveCfg = Debug|Any CPU
		{53DC7F35-BF30-4A67-9FB5-65DCAF9B984B}.Debug|x86.Build.0 = Debug|Any CPU
		{53DC7F35-BF30-4A67-9FB5-65DCAF9B984B}.Release|Any CPU.ActiveCfg = Release|Any CPU
		{53DC7F35-BF30-4A67-9FB5-65DCAF9B984B}.Release|Any CPU.Build.0 = Release|Any CPU
		{53DC7F35-BF30-4A67-9FB5-65DCAF9B984B}.Release|x64.ActiveCfg = Release|Any CPU
		{53DC7F35-BF30-4A67-9FB5-65DCAF9B984B}.Release|x64.Build.0 = Release|Any CPU
		{53DC7F35-BF30-4A67-9FB5-65DCAF9B984B}.Release|x86.ActiveCfg = Release|Any CPU
		{53DC7F35-BF30-4A67-9FB5-65DCAF9B984B}.Release|x86.Build.0 = Release|Any CPU
		{4D8574B5-BB42-46DA-AAE5-4DACD9E1EE1E}.Debug|Any CPU.ActiveCfg = Debug|Any CPU
		{4D8574B5-BB42-46DA-AAE5-4DACD9E1EE1E}.Debug|Any CPU.Build.0 = Debug|Any CPU
		{4D8574B5-BB42-46DA-AAE5-4DACD9E1EE1E}.Debug|x64.ActiveCfg = Debug|Any CPU
		{4D8574B5-BB42-46DA-AAE5-4DACD9E1EE1E}.Debug|x64.Build.0 = Debug|Any CPU
		{4D8574B5-BB42-46DA-AAE5-4DACD9E1EE1E}.Debug|x86.ActiveCfg = Debug|Any CPU
		{4D8574B5-BB42-46DA-AAE5-4DACD9E1EE1E}.Debug|x86.Build.0 = Debug|Any CPU
		{4D8574B5-BB42-46DA-AAE5-4DACD9E1EE1E}.Release|Any CPU.ActiveCfg = Release|Any CPU
		{4D8574B5-BB42-46DA-AAE5-4DACD9E1EE1E}.Release|Any CPU.Build.0 = Release|Any CPU
		{4D8574B5-BB42-46DA-AAE5-4DACD9E1EE1E}.Release|x64.ActiveCfg = Release|Any CPU
		{4D8574B5-BB42-46DA-AAE5-4DACD9E1EE1E}.Release|x64.Build.0 = Release|Any CPU
		{4D8574B5-BB42-46DA-AAE5-4DACD9E1EE1E}.Release|x86.ActiveCfg = Release|Any CPU
		{4D8574B5-BB42-46DA-AAE5-4DACD9E1EE1E}.Release|x86.Build.0 = Release|Any CPU
		{6D1BBCF2-428E-41BA-A5E5-726745BAAB3D}.Debug|Any CPU.ActiveCfg = Debug|Any CPU
		{6D1BBCF2-428E-41BA-A5E5-726745BAAB3D}.Debug|Any CPU.Build.0 = Debug|Any CPU
		{6D1BBCF2-428E-41BA-A5E5-726745BAAB3D}.Debug|x64.ActiveCfg = Debug|Any CPU
		{6D1BBCF2-428E-41BA-A5E5-726745BAAB3D}.Debug|x64.Build.0 = Debug|Any CPU
		{6D1BBCF2-428E-41BA-A5E5-726745BAAB3D}.Debug|x86.ActiveCfg = Debug|Any CPU
		{6D1BBCF2-428E-41BA-A5E5-726745BAAB3D}.Debug|x86.Build.0 = Debug|Any CPU
		{6D1BBCF2-428E-41BA-A5E5-726745BAAB3D}.Release|Any CPU.ActiveCfg = Release|Any CPU
		{6D1BBCF2-428E-41BA-A5E5-726745BAAB3D}.Release|Any CPU.Build.0 = Release|Any CPU
		{6D1BBCF2-428E-41BA-A5E5-726745BAAB3D}.Release|x64.ActiveCfg = Release|Any CPU
		{6D1BBCF2-428E-41BA-A5E5-726745BAAB3D}.Release|x64.Build.0 = Release|Any CPU
		{6D1BBCF2-428E-41BA-A5E5-726745BAAB3D}.Release|x86.ActiveCfg = Release|Any CPU
		{6D1BBCF2-428E-41BA-A5E5-726745BAAB3D}.Release|x86.Build.0 = Release|Any CPU
		{B431C6B6-51DD-42D5-A793-CF5A4DB28848}.Debug|Any CPU.ActiveCfg = Debug|Any CPU
		{B431C6B6-51DD-42D5-A793-CF5A4DB28848}.Debug|Any CPU.Build.0 = Debug|Any CPU
		{B431C6B6-51DD-42D5-A793-CF5A4DB28848}.Debug|x64.ActiveCfg = Debug|Any CPU
		{B431C6B6-51DD-42D5-A793-CF5A4DB28848}.Debug|x64.Build.0 = Debug|Any CPU
		{B431C6B6-51DD-42D5-A793-CF5A4DB28848}.Debug|x86.ActiveCfg = Debug|Any CPU
		{B431C6B6-51DD-42D5-A793-CF5A4DB28848}.Debug|x86.Build.0 = Debug|Any CPU
		{B431C6B6-51DD-42D5-A793-CF5A4DB28848}.Release|Any CPU.ActiveCfg = Release|Any CPU
		{B431C6B6-51DD-42D5-A793-CF5A4DB28848}.Release|Any CPU.Build.0 = Release|Any CPU
		{B431C6B6-51DD-42D5-A793-CF5A4DB28848}.Release|x64.ActiveCfg = Release|Any CPU
		{B431C6B6-51DD-42D5-A793-CF5A4DB28848}.Release|x64.Build.0 = Release|Any CPU
		{B431C6B6-51DD-42D5-A793-CF5A4DB28848}.Release|x86.ActiveCfg = Release|Any CPU
		{B431C6B6-51DD-42D5-A793-CF5A4DB28848}.Release|x86.Build.0 = Release|Any CPU
		{9DD89401-84E9-4754-891F-20E67BEF3004}.Debug|Any CPU.ActiveCfg = Debug|Any CPU
		{9DD89401-84E9-4754-891F-20E67BEF3004}.Debug|Any CPU.Build.0 = Debug|Any CPU
		{9DD89401-84E9-4754-891F-20E67BEF3004}.Debug|x64.ActiveCfg = Debug|Any CPU
		{9DD89401-84E9-4754-891F-20E67BEF3004}.Debug|x64.Build.0 = Debug|Any CPU
		{9DD89401-84E9-4754-891F-20E67BEF3004}.Debug|x86.ActiveCfg = Debug|Any CPU
		{9DD89401-84E9-4754-891F-20E67BEF3004}.Debug|x86.Build.0 = Debug|Any CPU
		{9DD89401-84E9-4754-891F-20E67BEF3004}.Release|Any CPU.ActiveCfg = Release|Any CPU
		{9DD89401-84E9-4754-891F-20E67BEF3004}.Release|Any CPU.Build.0 = Release|Any CPU
		{9DD89401-84E9-4754-891F-20E67BEF3004}.Release|x64.ActiveCfg = Release|Any CPU
		{9DD89401-84E9-4754-891F-20E67BEF3004}.Release|x64.Build.0 = Release|Any CPU
		{9DD89401-84E9-4754-891F-20E67BEF3004}.Release|x86.ActiveCfg = Release|Any CPU
		{9DD89401-84E9-4754-891F-20E67BEF3004}.Release|x86.Build.0 = Release|Any CPU
		{51EB7284-1D0B-442A-BCAF-4A7BEAF28381}.Debug|Any CPU.ActiveCfg = Debug|Any CPU
		{51EB7284-1D0B-442A-BCAF-4A7BEAF28381}.Debug|Any CPU.Build.0 = Debug|Any CPU
		{51EB7284-1D0B-442A-BCAF-4A7BEAF28381}.Debug|x64.ActiveCfg = Debug|Any CPU
		{51EB7284-1D0B-442A-BCAF-4A7BEAF28381}.Debug|x64.Build.0 = Debug|Any CPU
		{51EB7284-1D0B-442A-BCAF-4A7BEAF28381}.Debug|x86.ActiveCfg = Debug|Any CPU
		{51EB7284-1D0B-442A-BCAF-4A7BEAF28381}.Debug|x86.Build.0 = Debug|Any CPU
		{51EB7284-1D0B-442A-BCAF-4A7BEAF28381}.Release|Any CPU.ActiveCfg = Release|Any CPU
		{51EB7284-1D0B-442A-BCAF-4A7BEAF28381}.Release|Any CPU.Build.0 = Release|Any CPU
		{51EB7284-1D0B-442A-BCAF-4A7BEAF28381}.Release|x64.ActiveCfg = Release|Any CPU
		{51EB7284-1D0B-442A-BCAF-4A7BEAF28381}.Release|x64.Build.0 = Release|Any CPU
		{51EB7284-1D0B-442A-BCAF-4A7BEAF28381}.Release|x86.ActiveCfg = Release|Any CPU
		{51EB7284-1D0B-442A-BCAF-4A7BEAF28381}.Release|x86.Build.0 = Release|Any CPU
		{AEFF5667-4780-49AD-998B-6D1699DBFFAC}.Debug|Any CPU.ActiveCfg = Debug|Any CPU
		{AEFF5667-4780-49AD-998B-6D1699DBFFAC}.Debug|Any CPU.Build.0 = Debug|Any CPU
		{AEFF5667-4780-49AD-998B-6D1699DBFFAC}.Debug|x64.ActiveCfg = Debug|Any CPU
		{AEFF5667-4780-49AD-998B-6D1699DBFFAC}.Debug|x64.Build.0 = Debug|Any CPU
		{AEFF5667-4780-49AD-998B-6D1699DBFFAC}.Debug|x86.ActiveCfg = Debug|Any CPU
		{AEFF5667-4780-49AD-998B-6D1699DBFFAC}.Debug|x86.Build.0 = Debug|Any CPU
		{AEFF5667-4780-49AD-998B-6D1699DBFFAC}.Release|Any CPU.ActiveCfg = Release|Any CPU
		{AEFF5667-4780-49AD-998B-6D1699DBFFAC}.Release|Any CPU.Build.0 = Release|Any CPU
		{AEFF5667-4780-49AD-998B-6D1699DBFFAC}.Release|x64.ActiveCfg = Release|Any CPU
		{AEFF5667-4780-49AD-998B-6D1699DBFFAC}.Release|x64.Build.0 = Release|Any CPU
		{AEFF5667-4780-49AD-998B-6D1699DBFFAC}.Release|x86.ActiveCfg = Release|Any CPU
		{AEFF5667-4780-49AD-998B-6D1699DBFFAC}.Release|x86.Build.0 = Release|Any CPU
		{9E8DE1B7-CF79-4A87-8094-AA12B02870CB}.Debug|Any CPU.ActiveCfg = Debug|Any CPU
		{9E8DE1B7-CF79-4A87-8094-AA12B02870CB}.Debug|Any CPU.Build.0 = Debug|Any CPU
		{9E8DE1B7-CF79-4A87-8094-AA12B02870CB}.Debug|x64.ActiveCfg = Debug|Any CPU
		{9E8DE1B7-CF79-4A87-8094-AA12B02870CB}.Debug|x64.Build.0 = Debug|Any CPU
		{9E8DE1B7-CF79-4A87-8094-AA12B02870CB}.Debug|x86.ActiveCfg = Debug|Any CPU
		{9E8DE1B7-CF79-4A87-8094-AA12B02870CB}.Debug|x86.Build.0 = Debug|Any CPU
		{9E8DE1B7-CF79-4A87-8094-AA12B02870CB}.Release|Any CPU.ActiveCfg = Release|Any CPU
		{9E8DE1B7-CF79-4A87-8094-AA12B02870CB}.Release|Any CPU.Build.0 = Release|Any CPU
		{9E8DE1B7-CF79-4A87-8094-AA12B02870CB}.Release|x64.ActiveCfg = Release|Any CPU
		{9E8DE1B7-CF79-4A87-8094-AA12B02870CB}.Release|x64.Build.0 = Release|Any CPU
		{9E8DE1B7-CF79-4A87-8094-AA12B02870CB}.Release|x86.ActiveCfg = Release|Any CPU
		{9E8DE1B7-CF79-4A87-8094-AA12B02870CB}.Release|x86.Build.0 = Release|Any CPU
		{E6ED89B7-5C29-4841-8688-E45C2F5A7FA3}.Debug|Any CPU.ActiveCfg = Debug|Any CPU
		{E6ED89B7-5C29-4841-8688-E45C2F5A7FA3}.Debug|Any CPU.Build.0 = Debug|Any CPU
		{E6ED89B7-5C29-4841-8688-E45C2F5A7FA3}.Debug|x64.ActiveCfg = Debug|Any CPU
		{E6ED89B7-5C29-4841-8688-E45C2F5A7FA3}.Debug|x64.Build.0 = Debug|Any CPU
		{E6ED89B7-5C29-4841-8688-E45C2F5A7FA3}.Debug|x86.ActiveCfg = Debug|Any CPU
		{E6ED89B7-5C29-4841-8688-E45C2F5A7FA3}.Debug|x86.Build.0 = Debug|Any CPU
		{E6ED89B7-5C29-4841-8688-E45C2F5A7FA3}.Release|Any CPU.ActiveCfg = Release|Any CPU
		{E6ED89B7-5C29-4841-8688-E45C2F5A7FA3}.Release|Any CPU.Build.0 = Release|Any CPU
		{E6ED89B7-5C29-4841-8688-E45C2F5A7FA3}.Release|x64.ActiveCfg = Release|Any CPU
		{E6ED89B7-5C29-4841-8688-E45C2F5A7FA3}.Release|x64.Build.0 = Release|Any CPU
		{E6ED89B7-5C29-4841-8688-E45C2F5A7FA3}.Release|x86.ActiveCfg = Release|Any CPU
		{E6ED89B7-5C29-4841-8688-E45C2F5A7FA3}.Release|x86.Build.0 = Release|Any CPU
		{E55BF0F6-D024-4ACB-93C3-9A56DB81C0B3}.Debug|Any CPU.ActiveCfg = Debug|Any CPU
		{E55BF0F6-D024-4ACB-93C3-9A56DB81C0B3}.Debug|Any CPU.Build.0 = Debug|Any CPU
		{E55BF0F6-D024-4ACB-93C3-9A56DB81C0B3}.Debug|x64.ActiveCfg = Debug|Any CPU
		{E55BF0F6-D024-4ACB-93C3-9A56DB81C0B3}.Debug|x64.Build.0 = Debug|Any CPU
		{E55BF0F6-D024-4ACB-93C3-9A56DB81C0B3}.Debug|x86.ActiveCfg = Debug|Any CPU
		{E55BF0F6-D024-4ACB-93C3-9A56DB81C0B3}.Debug|x86.Build.0 = Debug|Any CPU
		{E55BF0F6-D024-4ACB-93C3-9A56DB81C0B3}.Release|Any CPU.ActiveCfg = Release|Any CPU
		{E55BF0F6-D024-4ACB-93C3-9A56DB81C0B3}.Release|Any CPU.Build.0 = Release|Any CPU
		{E55BF0F6-D024-4ACB-93C3-9A56DB81C0B3}.Release|x64.ActiveCfg = Release|Any CPU
		{E55BF0F6-D024-4ACB-93C3-9A56DB81C0B3}.Release|x64.Build.0 = Release|Any CPU
		{E55BF0F6-D024-4ACB-93C3-9A56DB81C0B3}.Release|x86.ActiveCfg = Release|Any CPU
		{E55BF0F6-D024-4ACB-93C3-9A56DB81C0B3}.Release|x86.Build.0 = Release|Any CPU
		{826C21A4-D085-4424-90F9-6461D5C4E08B}.Debug|Any CPU.ActiveCfg = Debug|Any CPU
		{826C21A4-D085-4424-90F9-6461D5C4E08B}.Debug|Any CPU.Build.0 = Debug|Any CPU
		{826C21A4-D085-4424-90F9-6461D5C4E08B}.Debug|x64.ActiveCfg = Debug|Any CPU
		{826C21A4-D085-4424-90F9-6461D5C4E08B}.Debug|x64.Build.0 = Debug|Any CPU
		{826C21A4-D085-4424-90F9-6461D5C4E08B}.Debug|x86.ActiveCfg = Debug|Any CPU
		{826C21A4-D085-4424-90F9-6461D5C4E08B}.Debug|x86.Build.0 = Debug|Any CPU
		{826C21A4-D085-4424-90F9-6461D5C4E08B}.Release|Any CPU.ActiveCfg = Release|Any CPU
		{826C21A4-D085-4424-90F9-6461D5C4E08B}.Release|Any CPU.Build.0 = Release|Any CPU
		{826C21A4-D085-4424-90F9-6461D5C4E08B}.Release|x64.ActiveCfg = Release|Any CPU
		{826C21A4-D085-4424-90F9-6461D5C4E08B}.Release|x64.Build.0 = Release|Any CPU
		{826C21A4-D085-4424-90F9-6461D5C4E08B}.Release|x86.ActiveCfg = Release|Any CPU
		{826C21A4-D085-4424-90F9-6461D5C4E08B}.Release|x86.Build.0 = Release|Any CPU
		{AAC0AFB2-C1E2-4501-9FB1-EEF01E37C004}.Debug|Any CPU.ActiveCfg = Debug|Any CPU
		{AAC0AFB2-C1E2-4501-9FB1-EEF01E37C004}.Debug|Any CPU.Build.0 = Debug|Any CPU
		{AAC0AFB2-C1E2-4501-9FB1-EEF01E37C004}.Debug|x64.ActiveCfg = Debug|Any CPU
		{AAC0AFB2-C1E2-4501-9FB1-EEF01E37C004}.Debug|x64.Build.0 = Debug|Any CPU
		{AAC0AFB2-C1E2-4501-9FB1-EEF01E37C004}.Debug|x86.ActiveCfg = Debug|Any CPU
		{AAC0AFB2-C1E2-4501-9FB1-EEF01E37C004}.Debug|x86.Build.0 = Debug|Any CPU
		{AAC0AFB2-C1E2-4501-9FB1-EEF01E37C004}.Release|Any CPU.ActiveCfg = Release|Any CPU
		{AAC0AFB2-C1E2-4501-9FB1-EEF01E37C004}.Release|Any CPU.Build.0 = Release|Any CPU
		{AAC0AFB2-C1E2-4501-9FB1-EEF01E37C004}.Release|x64.ActiveCfg = Release|Any CPU
		{AAC0AFB2-C1E2-4501-9FB1-EEF01E37C004}.Release|x64.Build.0 = Release|Any CPU
		{AAC0AFB2-C1E2-4501-9FB1-EEF01E37C004}.Release|x86.ActiveCfg = Release|Any CPU
		{AAC0AFB2-C1E2-4501-9FB1-EEF01E37C004}.Release|x86.Build.0 = Release|Any CPU
		{37B44B3E-1B8A-455E-97C9-12CF2D622A45}.Debug|Any CPU.ActiveCfg = Debug|Any CPU
		{37B44B3E-1B8A-455E-97C9-12CF2D622A45}.Debug|Any CPU.Build.0 = Debug|Any CPU
		{37B44B3E-1B8A-455E-97C9-12CF2D622A45}.Debug|x64.ActiveCfg = Debug|Any CPU
		{37B44B3E-1B8A-455E-97C9-12CF2D622A45}.Debug|x64.Build.0 = Debug|Any CPU
		{37B44B3E-1B8A-455E-97C9-12CF2D622A45}.Debug|x86.ActiveCfg = Debug|Any CPU
		{37B44B3E-1B8A-455E-97C9-12CF2D622A45}.Debug|x86.Build.0 = Debug|Any CPU
		{37B44B3E-1B8A-455E-97C9-12CF2D622A45}.Release|Any CPU.ActiveCfg = Release|Any CPU
		{37B44B3E-1B8A-455E-97C9-12CF2D622A45}.Release|Any CPU.Build.0 = Release|Any CPU
		{37B44B3E-1B8A-455E-97C9-12CF2D622A45}.Release|x64.ActiveCfg = Release|Any CPU
		{37B44B3E-1B8A-455E-97C9-12CF2D622A45}.Release|x64.Build.0 = Release|Any CPU
		{37B44B3E-1B8A-455E-97C9-12CF2D622A45}.Release|x86.ActiveCfg = Release|Any CPU
		{37B44B3E-1B8A-455E-97C9-12CF2D622A45}.Release|x86.Build.0 = Release|Any CPU
		{AF745308-E6A4-40F4-8C08-3B700E6E9263}.Debug|Any CPU.ActiveCfg = Debug|Any CPU
		{AF745308-E6A4-40F4-8C08-3B700E6E9263}.Debug|Any CPU.Build.0 = Debug|Any CPU
		{AF745308-E6A4-40F4-8C08-3B700E6E9263}.Debug|x64.ActiveCfg = Debug|Any CPU
		{AF745308-E6A4-40F4-8C08-3B700E6E9263}.Debug|x64.Build.0 = Debug|Any CPU
		{AF745308-E6A4-40F4-8C08-3B700E6E9263}.Debug|x86.ActiveCfg = Debug|Any CPU
		{AF745308-E6A4-40F4-8C08-3B700E6E9263}.Debug|x86.Build.0 = Debug|Any CPU
		{AF745308-E6A4-40F4-8C08-3B700E6E9263}.Release|Any CPU.ActiveCfg = Release|Any CPU
		{AF745308-E6A4-40F4-8C08-3B700E6E9263}.Release|Any CPU.Build.0 = Release|Any CPU
		{AF745308-E6A4-40F4-8C08-3B700E6E9263}.Release|x64.ActiveCfg = Release|Any CPU
		{AF745308-E6A4-40F4-8C08-3B700E6E9263}.Release|x64.Build.0 = Release|Any CPU
		{AF745308-E6A4-40F4-8C08-3B700E6E9263}.Release|x86.ActiveCfg = Release|Any CPU
		{AF745308-E6A4-40F4-8C08-3B700E6E9263}.Release|x86.Build.0 = Release|Any CPU
		{4E74522C-0C02-4D45-BF71-DEF3554BFB5D}.Debug|Any CPU.ActiveCfg = Debug|Any CPU
		{4E74522C-0C02-4D45-BF71-DEF3554BFB5D}.Debug|Any CPU.Build.0 = Debug|Any CPU
		{4E74522C-0C02-4D45-BF71-DEF3554BFB5D}.Debug|x64.ActiveCfg = Debug|Any CPU
		{4E74522C-0C02-4D45-BF71-DEF3554BFB5D}.Debug|x64.Build.0 = Debug|Any CPU
		{4E74522C-0C02-4D45-BF71-DEF3554BFB5D}.Debug|x86.ActiveCfg = Debug|Any CPU
		{4E74522C-0C02-4D45-BF71-DEF3554BFB5D}.Debug|x86.Build.0 = Debug|Any CPU
		{4E74522C-0C02-4D45-BF71-DEF3554BFB5D}.Release|Any CPU.ActiveCfg = Release|Any CPU
		{4E74522C-0C02-4D45-BF71-DEF3554BFB5D}.Release|Any CPU.Build.0 = Release|Any CPU
		{4E74522C-0C02-4D45-BF71-DEF3554BFB5D}.Release|x64.ActiveCfg = Release|Any CPU
		{4E74522C-0C02-4D45-BF71-DEF3554BFB5D}.Release|x64.Build.0 = Release|Any CPU
		{4E74522C-0C02-4D45-BF71-DEF3554BFB5D}.Release|x86.ActiveCfg = Release|Any CPU
		{4E74522C-0C02-4D45-BF71-DEF3554BFB5D}.Release|x86.Build.0 = Release|Any CPU
		{5E8E1CEA-5673-4343-B872-047EDFCB8A02}.Debug|Any CPU.ActiveCfg = Debug|Any CPU
		{5E8E1CEA-5673-4343-B872-047EDFCB8A02}.Debug|Any CPU.Build.0 = Debug|Any CPU
		{5E8E1CEA-5673-4343-B872-047EDFCB8A02}.Debug|x64.ActiveCfg = Debug|Any CPU
		{5E8E1CEA-5673-4343-B872-047EDFCB8A02}.Debug|x64.Build.0 = Debug|Any CPU
		{5E8E1CEA-5673-4343-B872-047EDFCB8A02}.Debug|x86.ActiveCfg = Debug|Any CPU
		{5E8E1CEA-5673-4343-B872-047EDFCB8A02}.Debug|x86.Build.0 = Debug|Any CPU
		{5E8E1CEA-5673-4343-B872-047EDFCB8A02}.Release|Any CPU.ActiveCfg = Release|Any CPU
		{5E8E1CEA-5673-4343-B872-047EDFCB8A02}.Release|Any CPU.Build.0 = Release|Any CPU
		{5E8E1CEA-5673-4343-B872-047EDFCB8A02}.Release|x64.ActiveCfg = Release|Any CPU
		{5E8E1CEA-5673-4343-B872-047EDFCB8A02}.Release|x64.Build.0 = Release|Any CPU
		{5E8E1CEA-5673-4343-B872-047EDFCB8A02}.Release|x86.ActiveCfg = Release|Any CPU
		{5E8E1CEA-5673-4343-B872-047EDFCB8A02}.Release|x86.Build.0 = Release|Any CPU
		{D72161CD-2F7C-4D46-A4F9-DB323C446D40}.Debug|Any CPU.ActiveCfg = Debug|Any CPU
		{D72161CD-2F7C-4D46-A4F9-DB323C446D40}.Debug|Any CPU.Build.0 = Debug|Any CPU
		{D72161CD-2F7C-4D46-A4F9-DB323C446D40}.Debug|x64.ActiveCfg = Debug|Any CPU
		{D72161CD-2F7C-4D46-A4F9-DB323C446D40}.Debug|x64.Build.0 = Debug|Any CPU
		{D72161CD-2F7C-4D46-A4F9-DB323C446D40}.Debug|x86.ActiveCfg = Debug|Any CPU
		{D72161CD-2F7C-4D46-A4F9-DB323C446D40}.Debug|x86.Build.0 = Debug|Any CPU
		{D72161CD-2F7C-4D46-A4F9-DB323C446D40}.Release|Any CPU.ActiveCfg = Release|Any CPU
		{D72161CD-2F7C-4D46-A4F9-DB323C446D40}.Release|Any CPU.Build.0 = Release|Any CPU
		{D72161CD-2F7C-4D46-A4F9-DB323C446D40}.Release|x64.ActiveCfg = Release|Any CPU
		{D72161CD-2F7C-4D46-A4F9-DB323C446D40}.Release|x64.Build.0 = Release|Any CPU
		{D72161CD-2F7C-4D46-A4F9-DB323C446D40}.Release|x86.ActiveCfg = Release|Any CPU
		{D72161CD-2F7C-4D46-A4F9-DB323C446D40}.Release|x86.Build.0 = Release|Any CPU
		{5F189A04-EBBF-400A-9CAA-1318C55081F2}.Debug|Any CPU.ActiveCfg = Debug|Any CPU
		{5F189A04-EBBF-400A-9CAA-1318C55081F2}.Debug|Any CPU.Build.0 = Debug|Any CPU
		{5F189A04-EBBF-400A-9CAA-1318C55081F2}.Debug|x64.ActiveCfg = Debug|Any CPU
		{5F189A04-EBBF-400A-9CAA-1318C55081F2}.Debug|x64.Build.0 = Debug|Any CPU
		{5F189A04-EBBF-400A-9CAA-1318C55081F2}.Debug|x86.ActiveCfg = Debug|Any CPU
		{5F189A04-EBBF-400A-9CAA-1318C55081F2}.Debug|x86.Build.0 = Debug|Any CPU
		{5F189A04-EBBF-400A-9CAA-1318C55081F2}.Release|Any CPU.ActiveCfg = Release|Any CPU
		{5F189A04-EBBF-400A-9CAA-1318C55081F2}.Release|Any CPU.Build.0 = Release|Any CPU
		{5F189A04-EBBF-400A-9CAA-1318C55081F2}.Release|x64.ActiveCfg = Release|Any CPU
		{5F189A04-EBBF-400A-9CAA-1318C55081F2}.Release|x64.Build.0 = Release|Any CPU
		{5F189A04-EBBF-400A-9CAA-1318C55081F2}.Release|x86.ActiveCfg = Release|Any CPU
		{5F189A04-EBBF-400A-9CAA-1318C55081F2}.Release|x86.Build.0 = Release|Any CPU
		{D46785EF-20FB-4050-B322-AE4BA46E541E}.Debug|Any CPU.ActiveCfg = Debug|Any CPU
		{D46785EF-20FB-4050-B322-AE4BA46E541E}.Debug|Any CPU.Build.0 = Debug|Any CPU
		{D46785EF-20FB-4050-B322-AE4BA46E541E}.Debug|x64.ActiveCfg = Debug|Any CPU
		{D46785EF-20FB-4050-B322-AE4BA46E541E}.Debug|x64.Build.0 = Debug|Any CPU
		{D46785EF-20FB-4050-B322-AE4BA46E541E}.Debug|x86.ActiveCfg = Debug|Any CPU
		{D46785EF-20FB-4050-B322-AE4BA46E541E}.Debug|x86.Build.0 = Debug|Any CPU
		{D46785EF-20FB-4050-B322-AE4BA46E541E}.Release|Any CPU.ActiveCfg = Release|Any CPU
		{D46785EF-20FB-4050-B322-AE4BA46E541E}.Release|Any CPU.Build.0 = Release|Any CPU
		{D46785EF-20FB-4050-B322-AE4BA46E541E}.Release|x64.ActiveCfg = Release|Any CPU
		{D46785EF-20FB-4050-B322-AE4BA46E541E}.Release|x64.Build.0 = Release|Any CPU
		{D46785EF-20FB-4050-B322-AE4BA46E541E}.Release|x86.ActiveCfg = Release|Any CPU
		{D46785EF-20FB-4050-B322-AE4BA46E541E}.Release|x86.Build.0 = Release|Any CPU
		{90DAFD87-28F9-413E-A82A-808BCBC3C7CE}.Debug|Any CPU.ActiveCfg = Debug|Any CPU
		{90DAFD87-28F9-413E-A82A-808BCBC3C7CE}.Debug|Any CPU.Build.0 = Debug|Any CPU
		{90DAFD87-28F9-413E-A82A-808BCBC3C7CE}.Debug|x64.ActiveCfg = Debug|Any CPU
		{90DAFD87-28F9-413E-A82A-808BCBC3C7CE}.Debug|x64.Build.0 = Debug|Any CPU
		{90DAFD87-28F9-413E-A82A-808BCBC3C7CE}.Debug|x86.ActiveCfg = Debug|Any CPU
		{90DAFD87-28F9-413E-A82A-808BCBC3C7CE}.Debug|x86.Build.0 = Debug|Any CPU
		{90DAFD87-28F9-413E-A82A-808BCBC3C7CE}.Release|Any CPU.ActiveCfg = Release|Any CPU
		{90DAFD87-28F9-413E-A82A-808BCBC3C7CE}.Release|Any CPU.Build.0 = Release|Any CPU
		{90DAFD87-28F9-413E-A82A-808BCBC3C7CE}.Release|x64.ActiveCfg = Release|Any CPU
		{90DAFD87-28F9-413E-A82A-808BCBC3C7CE}.Release|x64.Build.0 = Release|Any CPU
		{90DAFD87-28F9-413E-A82A-808BCBC3C7CE}.Release|x86.ActiveCfg = Release|Any CPU
		{90DAFD87-28F9-413E-A82A-808BCBC3C7CE}.Release|x86.Build.0 = Release|Any CPU
	EndGlobalSection
	GlobalSection(SolutionProperties) = preSolution
		HideSolutionNode = FALSE
	EndGlobalSection
	GlobalSection(NestedProjects) = preSolution
		{CD970AA6-D978-4BD9-8F90-9C023DB6BB0D} = {054E098A-DE7F-C2E2-D498-DCF28B4B3A18}
		{A2C8A177-2A96-4DD2-B928-C557DF75A173} = {91848824-DE2F-F91E-F172-D8D4BD0164AA}
		{105033B4-9881-496C-AD05-FB0023623922} = {F21C9BF3-AE8D-BEA1-BF85-B7CF85C223EF}
		{3FAEB3A9-DB03-48E6-A82C-5EEC8CB4A03A} = {66320409-64EC-F7C5-3DEF-65E7510DAAD1}
		{2623FEAD-77C6-7BB6-5D83-B5359FC60587} = {91965E0B-06BD-F923-E875-453ABCE7E137}
		{44357D2C-7372-4A47-97EE-02BAC92E071A} = {2623FEAD-77C6-7BB6-5D83-B5359FC60587}
		{28640B57-AB32-4463-A1AD-B7B31F27C112} = {2623FEAD-77C6-7BB6-5D83-B5359FC60587}
		{2888333E-3AC2-D8FF-2B50-8CDB78D3AFA4} = {57067FB5-FBD7-55BD-3751-471D2593C55B}
		{460ACF5B-8DAD-47DD-AA3A-DF10D331C11C} = {2888333E-3AC2-D8FF-2B50-8CDB78D3AFA4}
		{C92906F2-248E-C6FF-901E-AB8558029A35} = {D5CBEAF3-B4A8-EAF3-2A84-3DA03065FD38}
		{DC2601A6-B692-DE92-D583-0BBA3BA839B4} = {C92906F2-248E-C6FF-901E-AB8558029A35}
		{593AF669-391D-45BC-8448-4A0D18A897BF} = {DC2601A6-B692-DE92-D583-0BBA3BA839B4}
		{777AEC60-D858-BC0B-7623-C9C9754E00D3} = {D5CBEAF3-B4A8-EAF3-2A84-3DA03065FD38}
		{1729745B-B50B-5D7A-6908-632F7734F981} = {777AEC60-D858-BC0B-7623-C9C9754E00D3}
		{D8DB6177-287E-4AEC-B415-BB4E04FB9936} = {1729745B-B50B-5D7A-6908-632F7734F981}
		{D9D670EF-DE77-0B2A-73A4-5C3C776D20C6} = {C92906F2-248E-C6FF-901E-AB8558029A35}
		{4A6FDFC4-7FB5-44BE-9620-4F3778A1988D} = {D9D670EF-DE77-0B2A-73A4-5C3C776D20C6}
		{ACECF923-C01A-49F0-9082-075030A08C8B} = {DC2601A6-B692-DE92-D583-0BBA3BA839B4}
		{1EB05666-55E5-47EB-BAC3-1FA36F4253C8} = {DC2601A6-B692-DE92-D583-0BBA3BA839B4}
		{655AECF5-5B78-4046-BDB7-16D0EFACB09F} = {1729745B-B50B-5D7A-6908-632F7734F981}
		{4CCC3D90-B6A4-4675-878B-6EA8EB2E2988} = {1729745B-B50B-5D7A-6908-632F7734F981}
		{87D6749E-8816-4D7A-BF66-B5A81F1BB462} = {DC2601A6-B692-DE92-D583-0BBA3BA839B4}
		{9ACEEE83-74E3-56F6-3542-E7EB9A54BDF5} = {07D57EEB-2F50-60C4-C011-FE4FA775C9A8}
		{C1A7345F-5B2A-4309-A427-5366AD0AD1E2} = {9ACEEE83-74E3-56F6-3542-E7EB9A54BDF5}
		{101C2CF5-F219-40E2-96D5-3278182F64F5} = {9ACEEE83-74E3-56F6-3542-E7EB9A54BDF5}
		{ACDC5C86-7F2B-4E6F-988F-EDE3798B1CA0} = {9ACEEE83-74E3-56F6-3542-E7EB9A54BDF5}
		{F04440A6-D400-4A64-BDB2-DF7B4286B9D0} = {9ACEEE83-74E3-56F6-3542-E7EB9A54BDF5}
		{3A3FE11D-7E54-0072-E629-8B6F3F2A232A} = {D5CBEAF3-B4A8-EAF3-2A84-3DA03065FD38}
		{AEFF5667-4780-49AD-998B-6D1699DBFFAC} = {3A3FE11D-7E54-0072-E629-8B6F3F2A232A}
		{9E8DE1B7-CF79-4A87-8094-AA12B02870CB} = {3A3FE11D-7E54-0072-E629-8B6F3F2A232A}
		{E6ED89B7-5C29-4841-8688-E45C2F5A7FA3} = {777AEC60-D858-BC0B-7623-C9C9754E00D3}
		{E55BF0F6-D024-4ACB-93C3-9A56DB81C0B3} = {777AEC60-D858-BC0B-7623-C9C9754E00D3}
		{826C21A4-D085-4424-90F9-6461D5C4E08B} = {777AEC60-D858-BC0B-7623-C9C9754E00D3}
		{9B015D02-10AF-268A-4F50-EE90C242490D} = {91965E0B-06BD-F923-E875-453ABCE7E137}
		{AAC0AFB2-C1E2-4501-9FB1-EEF01E37C004} = {9B015D02-10AF-268A-4F50-EE90C242490D}
		{37B44B3E-1B8A-455E-97C9-12CF2D622A45} = {9B015D02-10AF-268A-4F50-EE90C242490D}
		{AF745308-E6A4-40F4-8C08-3B700E6E9263} = {9B015D02-10AF-268A-4F50-EE90C242490D}
		{4E74522C-0C02-4D45-BF71-DEF3554BFB5D} = {9B015D02-10AF-268A-4F50-EE90C242490D}
		{5E8E1CEA-5673-4343-B872-047EDFCB8A02} = {9B015D02-10AF-268A-4F50-EE90C242490D}
		{D72161CD-2F7C-4D46-A4F9-DB323C446D40} = {9B015D02-10AF-268A-4F50-EE90C242490D}
		{5F189A04-EBBF-400A-9CAA-1318C55081F2} = {9B015D02-10AF-268A-4F50-EE90C242490D}
		{D46785EF-20FB-4050-B322-AE4BA46E541E} = {9B015D02-10AF-268A-4F50-EE90C242490D}
		{90DAFD87-28F9-413E-A82A-808BCBC3C7CE} = {9B015D02-10AF-268A-4F50-EE90C242490D}
	EndGlobalSection
EndGlobal
