
Microsoft Visual Studio Solution File, Format Version 12.00
# Visual Studio Version 17
VisualStudioVersion = 17.0.31903.59
MinimumVisualStudioVersion = 10.0.40219.1
Project("{FAE04EC0-301F-11D3-BF4B-00C04F79EFBC}") = "PigeonPea.Shared", "game-essential\core\src\PigeonPea.Shared\PigeonPea.Shared.csproj", "{A1234567-1234-1234-1234-123456789ABC}"
EndProject
Project("{FAE04EC0-301F-11D3-BF4B-00C04F79EFBC}") = "PigeonPea.Windows", "..\projects\dungeon\dotnet\windows-app\core\src\PigeonPea.Windows\PigeonPea.Windows.csproj", "{B1234567-1234-1234-1234-123456789ABC}"
EndProject
Project("{FAE04EC0-301F-11D3-BF4B-00C04F79EFBC}") = "PigeonPea.Console", "..\projects\dungeon\dotnet\console-app\core\src\PigeonPea.Console\PigeonPea.Console.csproj", "{C1234567-1234-1234-1234-123456789ABC}"
EndProject
Project("{2150E333-8FDC-42A3-9474-1A3956D46DE8}") = "shared-app.Tests", "shared-app.Tests", "{054E098A-DE7F-C2E2-D498-DCF28B4B3A18}"
EndProject
Project("{FAE04EC0-301F-11D3-BF4B-00C04F79EFBC}") = "PigeonPea.Shared.Tests", "game-essential\core\tests\PigeonPea.Shared.Tests\PigeonPea.Shared.Tests.csproj", "{CD970AA6-D978-4BD9-8F90-9C023DB6BB0D}"
EndProject
Project("{2150E333-8FDC-42A3-9474-1A3956D46DE8}") = "console-app.Tests", "console-app.Tests", "{91848824-DE2F-F91E-F172-D8D4BD0164AA}"
EndProject
Project("{FAE04EC0-301F-11D3-BF4B-00C04F79EFBC}") = "PigeonPea.Console.Tests", "..\projects\dungeon\dotnet\console-app\core\tests\PigeonPea.Console.Tests\PigeonPea.Console.Tests.csproj", "{A2C8A177-2A96-4DD2-B928-C557DF75A173}"
EndProject
Project("{2150E333-8FDC-42A3-9474-1A3956D46DE8}") = "windows-app.Tests", "windows-app.Tests", "{F21C9BF3-AE8D-BEA1-BF85-B7CF85C223EF}"
EndProject
Project("{FAE04EC0-301F-11D3-BF4B-00C04F79EFBC}") = "PigeonPea.Windows.Tests", "..\projects\dungeon\dotnet\windows-app\core\tests\PigeonPea.Windows.Tests\PigeonPea.Windows.Tests.csproj", "{105033B4-9881-496C-AD05-FB0023623922}"
EndProject
Project("{2150E333-8FDC-42A3-9474-1A3956D46DE8}") = "benchmarks", "benchmarks", "{66320409-64EC-F7C5-3DEF-65E7510DAAD1}"
EndProject
Project("{FAE04EC0-301F-11D3-BF4B-00C04F79EFBC}") = "PigeonPea.Benchmarks", "benchmarks\PigeonPea.Benchmarks.csproj", "{3FAEB3A9-DB03-48E6-A82C-5EEC8CB4A03A}"
EndProject
Project("{2150E333-8FDC-42A3-9474-1A3956D46DE8}") = "app-essential", "app-essential", "{91965E0B-06BD-F923-E875-453ABCE7E137}"
EndProject
Project("{2150E333-8FDC-42A3-9474-1A3956D46DE8}") = "core", "core", "{2623FEAD-77C6-7BB6-5D83-B5359FC60587}"
EndProject
Project("{FAE04EC0-301F-11D3-BF4B-00C04F79EFBC}") = "PigeonPea.Contracts", "app-essential\core\src\PigeonPea.Contracts\PigeonPea.Contracts.csproj", "{44357D2C-7372-4A47-97EE-02BAC92E071A}"
EndProject
Project("{FAE04EC0-301F-11D3-BF4B-00C04F79EFBC}") = "PigeonPea.Game.Contracts", "game-essential\core\src\PigeonPea.Game.Contracts\PigeonPea.Game.Contracts.csproj", "{28640B57-AB32-4463-A1AD-B7B31F27C112}"
EndProject
Project("{FAE04EC0-301F-11D3-BF4B-00C04F79EFBC}") = "PigeonPea.PluginSystem", "app-essential\core\src\PigeonPea.PluginSystem\PigeonPea.PluginSystem.csproj", "{B795CBE0-00CA-4B2E-B597-BE65D50F8937}"
EndProject
Project("{2150E333-8FDC-42A3-9474-1A3956D46DE8}") = "plugin-system.Tests", "plugin-system.Tests", "{74B44C54-1F1E-3391-2507-55D1D8F9031C}"
EndProject
Project("{FAE04EC0-301F-11D3-BF4B-00C04F79EFBC}") = "PigeonPea.PluginSystem.Tests", "app-essential\core\tests\PigeonPea.PluginSystem.Tests\PigeonPea.PluginSystem.Tests.csproj", "{4345EA90-2E9E-4B73-B01B-8FD14E9F47AD}"
EndProject
Project("{2150E333-8FDC-42A3-9474-1A3956D46DE8}") = "console-app", "console-app", "{57067FB5-FBD7-55BD-3751-471D2593C55B}"
EndProject
Project("{2150E333-8FDC-42A3-9474-1A3956D46DE8}") = "plugins", "plugins", "{2888333E-3AC2-D8FF-2B50-8CDB78D3AFA4}"
EndProject
Project("{FAE04EC0-301F-11D3-BF4B-00C04F79EFBC}") = "PigeonPea.Plugins.Rendering.Terminal.ANSI", "..\projects\dungeon\dotnet\console-app\plugins\PigeonPea.Plugins.Rendering.Terminal.ANSI\PigeonPea.Plugins.Rendering.Terminal.ANSI.csproj", "{460ACF5B-8DAD-47DD-AA3A-DF10D331C11C}"
EndProject
Project("{2150E333-8FDC-42A3-9474-1A3956D46DE8}") = "game-essential", "game-essential", "{D5CBEAF3-B4A8-EAF3-2A84-3DA03065FD38}"
EndProject
Project("{2150E333-8FDC-42A3-9474-1A3956D46DE8}") = "core", "core", "{C92906F2-248E-C6FF-901E-AB8558029A35}"
EndProject
Project("{2150E333-8FDC-42A3-9474-1A3956D46DE8}") = "src", "src", "{DC2601A6-B692-DE92-D583-0BBA3BA839B4}"
EndProject
Project("{FAE04EC0-301F-11D3-BF4B-00C04F79EFBC}") = "PigeonPea.Scene.Contracts", "game-essential\core\src\PigeonPea.Scene.Contracts\PigeonPea.Scene.Contracts.csproj", "{593AF669-391D-45BC-8448-4A0D18A897BF}"
EndProject
Project("{2150E333-8FDC-42A3-9474-1A3956D46DE8}") = "plugins", "plugins", "{777AEC60-D858-BC0B-7623-C9C9754E00D3}"
EndProject
Project("{2150E333-8FDC-42A3-9474-1A3956D46DE8}") = "src", "src", "{1729745B-B50B-5D7A-6908-632F7734F981}"
EndProject
Project("{FAE04EC0-301F-11D3-BF4B-00C04F79EFBC}") = "PigeonPea.Plugin.Scene.Manager", "game-essential\plugins\src\PigeonPea.Plugin.Scene.Manager\PigeonPea.Plugin.Scene.Manager.csproj", "{D8DB6177-287E-4AEC-B415-BB4E04FB9936}"
EndProject
Project("{2150E333-8FDC-42A3-9474-1A3956D46DE8}") = "tests", "tests", "{D9D670EF-DE77-0B2A-73A4-5C3C776D20C6}"
EndProject
Project("{FAE04EC0-301F-11D3-BF4B-00C04F79EFBC}") = "PigeonPea.Time.Tests", "game-essential\core\tests\PigeonPea.Time.Tests\PigeonPea.Time.Tests.csproj", "{4A6FDFC4-7FB5-44BE-9620-4F3778A1988D}"
EndProject
Project("{FAE04EC0-301F-11D3-BF4B-00C04F79EFBC}") = "PigeonPea.Time.Contracts", "game-essential\core\src\PigeonPea.Time.Contracts\PigeonPea.Time.Contracts.csproj", "{ACECF923-C01A-49F0-9082-075030A08C8B}"
EndProject
Project("{FAE04EC0-301F-11D3-BF4B-00C04F79EFBC}") = "PigeonPea.Time.Core", "game-essential\core\src\PigeonPea.Time.Core\PigeonPea.Time.Core.csproj", "{1EB05666-55E5-47EB-BAC3-1FA36F4253C8}"
EndProject
Project("{FAE04EC0-301F-11D3-BF4B-00C04F79EFBC}") = "PigeonPea.Plugin.Time.Harptos", "game-essential\plugins\src\PigeonPea.Plugin.Time.Harptos\PigeonPea.Plugin.Time.Harptos.csproj", "{655AECF5-5B78-4046-BDB7-16D0EFACB09F}"
EndProject
Project("{FAE04EC0-301F-11D3-BF4B-00C04F79EFBC}") = "PigeonPea.Plugin.Time.Configurable", "game-essential\plugins\src\PigeonPea.Plugin.Time.Configurable\PigeonPea.Plugin.Time.Configurable.csproj", "{4CCC3D90-B6A4-4675-878B-6EA8EB2E2988}"
EndProject
Project("{FAE04EC0-301F-11D3-BF4B-00C04F79EFBC}") = "PigeonPea.Shared.ECS", "game-essential\core\src\PigeonPea.Shared.ECS\PigeonPea.Shared.ECS.csproj", "{87D6749E-8816-4D7A-BF66-B5A81F1BB462}"
EndProject
Project("{2150E333-8FDC-42A3-9474-1A3956D46DE8}") = "plugins", "plugins", "{07D57EEB-2F50-60C4-C011-FE4FA775C9A8}"
EndProject
Project("{2150E333-8FDC-42A3-9474-1A3956D46DE8}") = "src", "src", "{9ACEEE83-74E3-56F6-3542-E7EB9A54BDF5}"
EndProject
Project("{FAE04EC0-301F-11D3-BF4B-00C04F79EFBC}") = "PigeonPea.Plugins.Stats.Basic", "plugins\src\PigeonPea.Plugins.Stats.Basic\PigeonPea.Plugins.Stats.Basic.csproj", "{C1A7345F-5B2A-4309-A427-5366AD0AD1E2}"
EndProject
Project("{FAE04EC0-301F-11D3-BF4B-00C04F79EFBC}") = "PigeonPea.Plugins.Character.Basic", "plugins\src\PigeonPea.Plugins.Character.Basic\PigeonPea.Plugins.Character.Basic.csproj", "{9E312912-733C-42A9-9BD9-0FE696ACD239}"
EndProject
Project("{FAE04EC0-301F-11D3-BF4B-00C04F79EFBC}") = "PigeonPea.Plugins.Avatar.Basic", "plugins\src\PigeonPea.Plugins.Avatar.Basic\PigeonPea.Plugins.Avatar.Basic.csproj", "{101C2CF5-F219-40E2-96D5-3278182F64F5}"
EndProject
Project("{FAE04EC0-301F-11D3-BF4B-00C04F79EFBC}") = "PigeonPea.Plugins.Animation.Basic", "plugins\src\PigeonPea.Plugins.Animation.Basic\PigeonPea.Plugins.Animation.Basic.csproj", "{ACDC5C86-7F2B-4E6F-988F-EDE3798B1CA0}"
EndProject
Project("{FAE04EC0-301F-11D3-BF4B-00C04F79EFBC}") = "PigeonPea.Plugins.Persistence.Json", "plugins\src\PigeonPea.Plugins.Persistence.Json\PigeonPea.Plugins.Persistence.Json.csproj", "{AB065191-1B78-4207-A0A6-E3BE54AE6F88}"
EndProject
Project("{FAE04EC0-301F-11D3-BF4B-00C04F79EFBC}") = "PigeonPea.Plugins.WorldManagement.Basic", "plugins\src\PigeonPea.Plugins.WorldManagement.Basic\PigeonPea.Plugins.WorldManagement.Basic.csproj", "{F04440A6-D400-4A64-BDB2-DF7B4286B9D0}"
EndProject
Project("{2150E333-8FDC-42A3-9474-1A3956D46DE8}") = "tests", "tests", "{B0F11E69-D714-39B2-4156-5A6CDEBB0B88}"
EndProject
Project("{FAE04EC0-301F-11D3-BF4B-00C04F79EFBC}") = "PigeonPea.Plugins.Tests", "plugins\tests\PigeonPea.Plugins.Tests\PigeonPea.Plugins.Tests.csproj", "{0DE3A3A3-52F8-4269-9D2B-077099FDFAEE}"
EndProject
Project("{2150E333-8FDC-42A3-9474-1A3956D46DE8}") = "engine", "engine", "{D585295F-7994-3649-1065-7AA403C41681}"
EndProject
Project("{2150E333-8FDC-42A3-9474-1A3956D46DE8}") = "core", "core", "{D88E0CE7-DE1E-CA43-F65B-E201F6248602}"
EndProject
Project("{2150E333-8FDC-42A3-9474-1A3956D46DE8}") = "src", "src", "{7DA13584-D925-EBEC-A465-4FC4D4F05DC7}"
EndProject
Project("{2150E333-8FDC-42A3-9474-1A3956D46DE8}") = "PigeonPea.Gas.Core", "PigeonPea.Gas.Core", "{7E93014B-7BD1-765D-E208-A6FDAE4A3FFC}"
EndProject
Project("{FAE04EC0-301F-11D3-BF4B-00C04F79EFBC}") = "NexusGas.Core", "engine\core\src\PigeonPea.Gas.Core\NexusGas.Core.csproj", "{C5D558DA-9426-4D0F-967D-D1F3EDAFC9F6}"
EndProject
Project("{2150E333-8FDC-42A3-9474-1A3956D46DE8}") = "PigeonPea.Goap.Core", "PigeonPea.Goap.Core", "{4907579D-654C-9840-7093-C5220136446F}"
EndProject
Project("{FAE04EC0-301F-11D3-BF4B-00C04F79EFBC}") = "NexusGoap.Core", "engine\core\src\PigeonPea.Goap.Core\NexusGoap.Core.csproj", "{AF144BB4-4A8F-4D13-BB81-AE073CB17164}"
EndProject
Project("{2150E333-8FDC-42A3-9474-1A3956D46DE8}") = "PigeonPea.Perception.Core", "PigeonPea.Perception.Core", "{54F10616-C66C-2AB3-8980-E984B71CFC01}"
EndProject
Project("{FAE04EC0-301F-11D3-BF4B-00C04F79EFBC}") = "NexusPerception.Core", "engine\core\src\PigeonPea.Perception.Core\NexusPerception.Core.csproj", "{53DC7F35-BF30-4A67-9FB5-65DCAF9B984B}"
EndProject
Project("{2150E333-8FDC-42A3-9474-1A3956D46DE8}") = "tests", "tests", "{C30E8F30-471D-19F0-461F-F691E8C4128E}"
EndProject
Project("{FAE04EC0-301F-11D3-BF4B-00C04F79EFBC}") = "PigeonPea.Gas.Core.Tests", "engine\core\tests\PigeonPea.Gas.Core.Tests\PigeonPea.Gas.Core.Tests.csproj", "{4D8574B5-BB42-46DA-AAE5-4DACD9E1EE1E}"
EndProject
Project("{FAE04EC0-301F-11D3-BF4B-00C04F79EFBC}") = "PigeonPea.Goap.Core.Tests", "engine\core\tests\PigeonPea.Goap.Core.Tests\PigeonPea.Goap.Core.Tests.csproj", "{6D1BBCF2-428E-41BA-A5E5-726745BAAB3D}"
EndProject
Project("{FAE04EC0-301F-11D3-BF4B-00C04F79EFBC}") = "PigeonPea.Perception.Core.Tests", "engine\core\tests\PigeonPea.Perception.Core.Tests\PigeonPea.Perception.Core.Tests.csproj", "{B431C6B6-51DD-42D5-A793-CF5A4DB28848}"
EndProject
Project("{2150E333-8FDC-42A3-9474-1A3956D46DE8}") = "PigeonPea.Camera2D.Core", "PigeonPea.Camera2D.Core", "{3AD2A281-4911-9879-0D77-20524E333020}"
EndProject
Project("{FAE04EC0-301F-11D3-BF4B-00C04F79EFBC}") = "NexusCamera2D.Core", "engine\core\src\PigeonPea.Camera2D.Core\NexusCamera2D.Core.csproj", "{9DD89401-84E9-4754-891F-20E67BEF3004}"
EndProject
Project("{FAE04EC0-301F-11D3-BF4B-00C04F79EFBC}") = "PigeonPea.Camera2D.Core.Tests", "engine\core\tests\PigeonPea.Camera2D.Core.Tests\PigeonPea.Camera2D.Core.Tests.csproj", "{51EB7284-1D0B-442A-BCAF-4A7BEAF28381}"
EndProject
Global
	GlobalSection(SolutionConfigurationPlatforms) = preSolution
		Debug|Any CPU = Debug|Any CPU
		Debug|x64 = Debug|x64
		Debug|x86 = Debug|x86
		Release|Any CPU = Release|Any CPU
		Release|x64 = Release|x64
		Release|x86 = Release|x86
	EndGlobalSection
	GlobalSection(ProjectConfigurationPlatforms) = postSolution
		{A1234567-1234-1234-1234-123456789ABC}.Debug|Any CPU.ActiveCfg = Debug|Any CPU
		{A1234567-1234-1234-1234-123456789ABC}.Debug|Any CPU.Build.0 = Debug|Any CPU
		{A1234567-1234-1234-1234-123456789ABC}.Debug|x64.ActiveCfg = Debug|Any CPU
		{A1234567-1234-1234-1234-123456789ABC}.Debug|x64.Build.0 = Debug|Any CPU
		{A1234567-1234-1234-1234-123456789ABC}.Debug|x86.ActiveCfg = Debug|Any CPU
		{A1234567-1234-1234-1234-123456789ABC}.Debug|x86.Build.0 = Debug|Any CPU
		{A1234567-1234-1234-1234-123456789ABC}.Release|Any CPU.ActiveCfg = Release|Any CPU
		{A1234567-1234-1234-1234-123456789ABC}.Release|Any CPU.Build.0 = Release|Any CPU
		{A1234567-1234-1234-1234-123456789ABC}.Release|x64.ActiveCfg = Release|Any CPU
		{A1234567-1234-1234-1234-123456789ABC}.Release|x64.Build.0 = Release|Any CPU
		{A1234567-1234-1234-1234-123456789ABC}.Release|x86.ActiveCfg = Release|Any CPU
		{A1234567-1234-1234-1234-123456789ABC}.Release|x86.Build.0 = Release|Any CPU
		{B1234567-1234-1234-1234-123456789ABC}.Debug|Any CPU.ActiveCfg = Debug|Any CPU
		{B1234567-1234-1234-1234-123456789ABC}.Debug|Any CPU.Build.0 = Debug|Any CPU
		{B1234567-1234-1234-1234-123456789ABC}.Debug|x64.ActiveCfg = Debug|Any CPU
		{B1234567-1234-1234-1234-123456789ABC}.Debug|x64.Build.0 = Debug|Any CPU
		{B1234567-1234-1234-1234-123456789ABC}.Debug|x86.ActiveCfg = Debug|Any CPU
		{B1234567-1234-1234-1234-123456789ABC}.Debug|x86.Build.0 = Debug|Any CPU
		{B1234567-1234-1234-1234-123456789ABC}.Release|Any CPU.ActiveCfg = Release|Any CPU
		{B1234567-1234-1234-1234-123456789ABC}.Release|Any CPU.Build.0 = Release|Any CPU
		{B1234567-1234-1234-1234-123456789ABC}.Release|x64.ActiveCfg = Release|Any CPU
		{B1234567-1234-1234-1234-123456789ABC}.Release|x64.Build.0 = Release|Any CPU
		{B1234567-1234-1234-1234-123456789ABC}.Release|x86.ActiveCfg = Release|Any CPU
		{B1234567-1234-1234-1234-123456789ABC}.Release|x86.Build.0 = Release|Any CPU
		{C1234567-1234-1234-1234-123456789ABC}.Debug|Any CPU.ActiveCfg = Debug|Any CPU
		{C1234567-1234-1234-1234-123456789ABC}.Debug|Any CPU.Build.0 = Debug|Any CPU
		{C1234567-1234-1234-1234-123456789ABC}.Debug|x64.ActiveCfg = Debug|Any CPU
		{C1234567-1234-1234-1234-123456789ABC}.Debug|x64.Build.0 = Debug|Any CPU
		{C1234567-1234-1234-1234-123456789ABC}.Debug|x86.ActiveCfg = Debug|Any CPU
		{C1234567-1234-1234-1234-123456789ABC}.Debug|x86.Build.0 = Debug|Any CPU
		{C1234567-1234-1234-1234-123456789ABC}.Release|Any CPU.ActiveCfg = Release|Any CPU
		{C1234567-1234-1234-1234-123456789ABC}.Release|Any CPU.Build.0 = Release|Any CPU
		{C1234567-1234-1234-1234-123456789ABC}.Release|x64.ActiveCfg = Release|Any CPU
		{C1234567-1234-1234-1234-123456789ABC}.Release|x64.Build.0 = Release|Any CPU
		{C1234567-1234-1234-1234-123456789ABC}.Release|x86.ActiveCfg = Release|Any CPU
		{C1234567-1234-1234-1234-123456789ABC}.Release|x86.Build.0 = Release|Any CPU
		{CD970AA6-D978-4BD9-8F90-9C023DB6BB0D}.Debug|Any CPU.ActiveCfg = Debug|Any CPU
		{CD970AA6-D978-4BD9-8F90-9C023DB6BB0D}.Debug|Any CPU.Build.0 = Debug|Any CPU
		{CD970AA6-D978-4BD9-8F90-9C023DB6BB0D}.Debug|x64.ActiveCfg = Debug|Any CPU
		{CD970AA6-D978-4BD9-8F90-9C023DB6BB0D}.Debug|x64.Build.0 = Debug|Any CPU
		{CD970AA6-D978-4BD9-8F90-9C023DB6BB0D}.Debug|x86.ActiveCfg = Debug|Any CPU
		{CD970AA6-D978-4BD9-8F90-9C023DB6BB0D}.Debug|x86.Build.0 = Debug|Any CPU
		{CD970AA6-D978-4BD9-8F90-9C023DB6BB0D}.Release|Any CPU.ActiveCfg = Release|Any CPU
		{CD970AA6-D978-4BD9-8F90-9C023DB6BB0D}.Release|Any CPU.Build.0 = Release|Any CPU
		{CD970AA6-D978-4BD9-8F90-9C023DB6BB0D}.Release|x64.ActiveCfg = Release|Any CPU
		{CD970AA6-D978-4BD9-8F90-9C023DB6BB0D}.Release|x64.Build.0 = Release|Any CPU
		{CD970AA6-D978-4BD9-8F90-9C023DB6BB0D}.Release|x86.ActiveCfg = Release|Any CPU
		{CD970AA6-D978-4BD9-8F90-9C023DB6BB0D}.Release|x86.Build.0 = Release|Any CPU
		{A2C8A177-2A96-4DD2-B928-C557DF75A173}.Debug|Any CPU.ActiveCfg = Debug|Any CPU
		{A2C8A177-2A96-4DD2-B928-C557DF75A173}.Debug|Any CPU.Build.0 = Debug|Any CPU
		{A2C8A177-2A96-4DD2-B928-C557DF75A173}.Debug|x64.ActiveCfg = Debug|Any CPU
		{A2C8A177-2A96-4DD2-B928-C557DF75A173}.Debug|x64.Build.0 = Debug|Any CPU
		{A2C8A177-2A96-4DD2-B928-C557DF75A173}.Debug|x86.ActiveCfg = Debug|Any CPU
		{A2C8A177-2A96-4DD2-B928-C557DF75A173}.Debug|x86.Build.0 = Debug|Any CPU
		{A2C8A177-2A96-4DD2-B928-C557DF75A173}.Release|Any CPU.ActiveCfg = Release|Any CPU
		{A2C8A177-2A96-4DD2-B928-C557DF75A173}.Release|Any CPU.Build.0 = Release|Any CPU
		{A2C8A177-2A96-4DD2-B928-C557DF75A173}.Release|x64.ActiveCfg = Release|Any CPU
		{A2C8A177-2A96-4DD2-B928-C557DF75A173}.Release|x64.Build.0 = Release|Any CPU
		{A2C8A177-2A96-4DD2-B928-C557DF75A173}.Release|x86.ActiveCfg = Release|Any CPU
		{A2C8A177-2A96-4DD2-B928-C557DF75A173}.Release|x86.Build.0 = Release|Any CPU
		{105033B4-9881-496C-AD05-FB0023623922}.Debug|Any CPU.ActiveCfg = Debug|Any CPU
		{105033B4-9881-496C-AD05-FB0023623922}.Debug|Any CPU.Build.0 = Debug|Any CPU
		{105033B4-9881-496C-AD05-FB0023623922}.Debug|x64.ActiveCfg = Debug|Any CPU
		{105033B4-9881-496C-AD05-FB0023623922}.Debug|x64.Build.0 = Debug|Any CPU
		{105033B4-9881-496C-AD05-FB0023623922}.Debug|x86.ActiveCfg = Debug|Any CPU
		{105033B4-9881-496C-AD05-FB0023623922}.Debug|x86.Build.0 = Debug|Any CPU
		{105033B4-9881-496C-AD05-FB0023623922}.Release|Any CPU.ActiveCfg = Release|Any CPU
		{105033B4-9881-496C-AD05-FB0023623922}.Release|Any CPU.Build.0 = Release|Any CPU
		{105033B4-9881-496C-AD05-FB0023623922}.Release|x64.ActiveCfg = Release|Any CPU
		{105033B4-9881-496C-AD05-FB0023623922}.Release|x64.Build.0 = Release|Any CPU
		{105033B4-9881-496C-AD05-FB0023623922}.Release|x86.ActiveCfg = Release|Any CPU
		{105033B4-9881-496C-AD05-FB0023623922}.Release|x86.Build.0 = Release|Any CPU
		{3FAEB3A9-DB03-48E6-A82C-5EEC8CB4A03A}.Debug|Any CPU.ActiveCfg = Debug|Any CPU
		{3FAEB3A9-DB03-48E6-A82C-5EEC8CB4A03A}.Debug|Any CPU.Build.0 = Debug|Any CPU
		{3FAEB3A9-DB03-48E6-A82C-5EEC8CB4A03A}.Debug|x64.ActiveCfg = Debug|Any CPU
		{3FAEB3A9-DB03-48E6-A82C-5EEC8CB4A03A}.Debug|x64.Build.0 = Debug|Any CPU
		{3FAEB3A9-DB03-48E6-A82C-5EEC8CB4A03A}.Debug|x86.ActiveCfg = Debug|Any CPU
		{3FAEB3A9-DB03-48E6-A82C-5EEC8CB4A03A}.Debug|x86.Build.0 = Debug|Any CPU
		{3FAEB3A9-DB03-48E6-A82C-5EEC8CB4A03A}.Release|Any CPU.ActiveCfg = Release|Any CPU
		{3FAEB3A9-DB03-48E6-A82C-5EEC8CB4A03A}.Release|Any CPU.Build.0 = Release|Any CPU
		{3FAEB3A9-DB03-48E6-A82C-5EEC8CB4A03A}.Release|x64.ActiveCfg = Release|Any CPU
		{3FAEB3A9-DB03-48E6-A82C-5EEC8CB4A03A}.Release|x64.Build.0 = Release|Any CPU
		{3FAEB3A9-DB03-48E6-A82C-5EEC8CB4A03A}.Release|x86.ActiveCfg = Release|Any CPU
		{3FAEB3A9-DB03-48E6-A82C-5EEC8CB4A03A}.Release|x86.Build.0 = Release|Any CPU
		{44357D2C-7372-4A47-97EE-02BAC92E071A}.Debug|Any CPU.ActiveCfg = Debug|Any CPU
		{44357D2C-7372-4A47-97EE-02BAC92E071A}.Debug|Any CPU.Build.0 = Debug|Any CPU
		{44357D2C-7372-4A47-97EE-02BAC92E071A}.Debug|x64.ActiveCfg = Debug|Any CPU
		{44357D2C-7372-4A47-97EE-02BAC92E071A}.Debug|x64.Build.0 = Debug|Any CPU
		{44357D2C-7372-4A47-97EE-02BAC92E071A}.Debug|x86.ActiveCfg = Debug|Any CPU
		{44357D2C-7372-4A47-97EE-02BAC92E071A}.Debug|x86.Build.0 = Debug|Any CPU
		{44357D2C-7372-4A47-97EE-02BAC92E071A}.Release|Any CPU.ActiveCfg = Release|Any CPU
		{44357D2C-7372-4A47-97EE-02BAC92E071A}.Release|Any CPU.Build.0 = Release|Any CPU
		{44357D2C-7372-4A47-97EE-02BAC92E071A}.Release|x64.ActiveCfg = Release|Any CPU
		{44357D2C-7372-4A47-97EE-02BAC92E071A}.Release|x64.Build.0 = Release|Any CPU
		{44357D2C-7372-4A47-97EE-02BAC92E071A}.Release|x86.ActiveCfg = Release|Any CPU
		{44357D2C-7372-4A47-97EE-02BAC92E071A}.Release|x86.Build.0 = Release|Any CPU
		{28640B57-AB32-4463-A1AD-B7B31F27C112}.Debug|Any CPU.ActiveCfg = Debug|Any CPU
		{28640B57-AB32-4463-A1AD-B7B31F27C112}.Debug|Any CPU.Build.0 = Debug|Any CPU
		{28640B57-AB32-4463-A1AD-B7B31F27C112}.Debug|x64.ActiveCfg = Debug|Any CPU
		{28640B57-AB32-4463-A1AD-B7B31F27C112}.Debug|x64.Build.0 = Debug|Any CPU
		{28640B57-AB32-4463-A1AD-B7B31F27C112}.Debug|x86.ActiveCfg = Debug|Any CPU
		{28640B57-AB32-4463-A1AD-B7B31F27C112}.Debug|x86.Build.0 = Debug|Any CPU
		{28640B57-AB32-4463-A1AD-B7B31F27C112}.Release|Any CPU.ActiveCfg = Release|Any CPU
		{28640B57-AB32-4463-A1AD-B7B31F27C112}.Release|Any CPU.Build.0 = Release|Any CPU
		{28640B57-AB32-4463-A1AD-B7B31F27C112}.Release|x64.ActiveCfg = Release|Any CPU
		{28640B57-AB32-4463-A1AD-B7B31F27C112}.Release|x64.Build.0 = Release|Any CPU
		{28640B57-AB32-4463-A1AD-B7B31F27C112}.Release|x86.ActiveCfg = Release|Any CPU
		{28640B57-AB32-4463-A1AD-B7B31F27C112}.Release|x86.Build.0 = Release|Any CPU
		{B795CBE0-00CA-4B2E-B597-BE65D50F8937}.Debug|Any CPU.ActiveCfg = Debug|Any CPU
		{B795CBE0-00CA-4B2E-B597-BE65D50F8937}.Debug|Any CPU.Build.0 = Debug|Any CPU
		{B795CBE0-00CA-4B2E-B597-BE65D50F8937}.Debug|x64.ActiveCfg = Debug|Any CPU
		{B795CBE0-00CA-4B2E-B597-BE65D50F8937}.Debug|x64.Build.0 = Debug|Any CPU
		{B795CBE0-00CA-4B2E-B597-BE65D50F8937}.Debug|x86.ActiveCfg = Debug|Any CPU
		{B795CBE0-00CA-4B2E-B597-BE65D50F8937}.Debug|x86.Build.0 = Debug|Any CPU
		{B795CBE0-00CA-4B2E-B597-BE65D50F8937}.Release|Any CPU.ActiveCfg = Release|Any CPU
		{B795CBE0-00CA-4B2E-B597-BE65D50F8937}.Release|Any CPU.Build.0 = Release|Any CPU
		{B795CBE0-00CA-4B2E-B597-BE65D50F8937}.Release|x64.ActiveCfg = Release|Any CPU
		{B795CBE0-00CA-4B2E-B597-BE65D50F8937}.Release|x64.Build.0 = Release|Any CPU
		{B795CBE0-00CA-4B2E-B597-BE65D50F8937}.Release|x86.ActiveCfg = Release|Any CPU
		{B795CBE0-00CA-4B2E-B597-BE65D50F8937}.Release|x86.Build.0 = Release|Any CPU
		{4345EA90-2E9E-4B73-B01B-8FD14E9F47AD}.Debug|Any CPU.ActiveCfg = Debug|Any CPU
		{4345EA90-2E9E-4B73-B01B-8FD14E9F47AD}.Debug|Any CPU.Build.0 = Debug|Any CPU
		{4345EA90-2E9E-4B73-B01B-8FD14E9F47AD}.Debug|x64.ActiveCfg = Debug|Any CPU
		{4345EA90-2E9E-4B73-B01B-8FD14E9F47AD}.Debug|x64.Build.0 = Debug|Any CPU
		{4345EA90-2E9E-4B73-B01B-8FD14E9F47AD}.Debug|x86.ActiveCfg = Debug|Any CPU
		{4345EA90-2E9E-4B73-B01B-8FD14E9F47AD}.Debug|x86.Build.0 = Debug|Any CPU
		{4345EA90-2E9E-4B73-B01B-8FD14E9F47AD}.Release|Any CPU.ActiveCfg = Release|Any CPU
		{4345EA90-2E9E-4B73-B01B-8FD14E9F47AD}.Release|Any CPU.Build.0 = Release|Any CPU
		{4345EA90-2E9E-4B73-B01B-8FD14E9F47AD}.Release|x64.ActiveCfg = Release|Any CPU
		{4345EA90-2E9E-4B73-B01B-8FD14E9F47AD}.Release|x64.Build.0 = Release|Any CPU
		{4345EA90-2E9E-4B73-B01B-8FD14E9F47AD}.Release|x86.ActiveCfg = Release|Any CPU
		{4345EA90-2E9E-4B73-B01B-8FD14E9F47AD}.Release|x86.Build.0 = Release|Any CPU
		{460ACF5B-8DAD-47DD-AA3A-DF10D331C11C}.Debug|Any CPU.ActiveCfg = Debug|Any CPU
		{460ACF5B-8DAD-47DD-AA3A-DF10D331C11C}.Debug|Any CPU.Build.0 = Debug|Any CPU
		{460ACF5B-8DAD-47DD-AA3A-DF10D331C11C}.Debug|x64.ActiveCfg = Debug|Any CPU
		{460ACF5B-8DAD-47DD-AA3A-DF10D331C11C}.Debug|x64.Build.0 = Debug|Any CPU
		{460ACF5B-8DAD-47DD-AA3A-DF10D331C11C}.Debug|x86.ActiveCfg = Debug|Any CPU
		{460ACF5B-8DAD-47DD-AA3A-DF10D331C11C}.Debug|x86.Build.0 = Debug|Any CPU
		{460ACF5B-8DAD-47DD-AA3A-DF10D331C11C}.Release|Any CPU.ActiveCfg = Release|Any CPU
		{460ACF5B-8DAD-47DD-AA3A-DF10D331C11C}.Release|Any CPU.Build.0 = Release|Any CPU
		{460ACF5B-8DAD-47DD-AA3A-DF10D331C11C}.Release|x64.ActiveCfg = Release|Any CPU
		{460ACF5B-8DAD-47DD-AA3A-DF10D331C11C}.Release|x64.Build.0 = Release|Any CPU
		{460ACF5B-8DAD-47DD-AA3A-DF10D331C11C}.Release|x86.ActiveCfg = Release|Any CPU
		{460ACF5B-8DAD-47DD-AA3A-DF10D331C11C}.Release|x86.Build.0 = Release|Any CPU
		{593AF669-391D-45BC-8448-4A0D18A897BF}.Debug|Any CPU.ActiveCfg = Debug|Any CPU
		{593AF669-391D-45BC-8448-4A0D18A897BF}.Debug|Any CPU.Build.0 = Debug|Any CPU
		{593AF669-391D-45BC-8448-4A0D18A897BF}.Debug|x64.ActiveCfg = Debug|Any CPU
		{593AF669-391D-45BC-8448-4A0D18A897BF}.Debug|x64.Build.0 = Debug|Any CPU
		{593AF669-391D-45BC-8448-4A0D18A897BF}.Debug|x86.ActiveCfg = Debug|Any CPU
		{593AF669-391D-45BC-8448-4A0D18A897BF}.Debug|x86.Build.0 = Debug|Any CPU
		{593AF669-391D-45BC-8448-4A0D18A897BF}.Release|Any CPU.ActiveCfg = Release|Any CPU
		{593AF669-391D-45BC-8448-4A0D18A897BF}.Release|Any CPU.Build.0 = Release|Any CPU
		{593AF669-391D-45BC-8448-4A0D18A897BF}.Release|x64.ActiveCfg = Release|Any CPU
		{593AF669-391D-45BC-8448-4A0D18A897BF}.Release|x64.Build.0 = Release|Any CPU
		{593AF669-391D-45BC-8448-4A0D18A897BF}.Release|x86.ActiveCfg = Release|Any CPU
		{593AF669-391D-45BC-8448-4A0D18A897BF}.Release|x86.Build.0 = Release|Any CPU
		{D8DB6177-287E-4AEC-B415-BB4E04FB9936}.Debug|Any CPU.ActiveCfg = Debug|Any CPU
		{D8DB6177-287E-4AEC-B415-BB4E04FB9936}.Debug|Any CPU.Build.0 = Debug|Any CPU
		{D8DB6177-287E-4AEC-B415-BB4E04FB9936}.Debug|x64.ActiveCfg = Debug|Any CPU
		{D8DB6177-287E-4AEC-B415-BB4E04FB9936}.Debug|x64.Build.0 = Debug|Any CPU
		{D8DB6177-287E-4AEC-B415-BB4E04FB9936}.Debug|x86.ActiveCfg = Debug|Any CPU
		{D8DB6177-287E-4AEC-B415-BB4E04FB9936}.Debug|x86.Build.0 = Debug|Any CPU
		{D8DB6177-287E-4AEC-B415-BB4E04FB9936}.Release|Any CPU.ActiveCfg = Release|Any CPU
		{D8DB6177-287E-4AEC-B415-BB4E04FB9936}.Release|Any CPU.Build.0 = Release|Any CPU
		{D8DB6177-287E-4AEC-B415-BB4E04FB9936}.Release|x64.ActiveCfg = Release|Any CPU
		{D8DB6177-287E-4AEC-B415-BB4E04FB9936}.Release|x64.Build.0 = Release|Any CPU
		{D8DB6177-287E-4AEC-B415-BB4E04FB9936}.Release|x86.ActiveCfg = Release|Any CPU
		{D8DB6177-287E-4AEC-B415-BB4E04FB9936}.Release|x86.Build.0 = Release|Any CPU
		{4A6FDFC4-7FB5-44BE-9620-4F3778A1988D}.Debug|Any CPU.ActiveCfg = Debug|Any CPU
		{4A6FDFC4-7FB5-44BE-9620-4F3778A1988D}.Debug|Any CPU.Build.0 = Debug|Any CPU
		{4A6FDFC4-7FB5-44BE-9620-4F3778A1988D}.Debug|x64.ActiveCfg = Debug|Any CPU
		{4A6FDFC4-7FB5-44BE-9620-4F3778A1988D}.Debug|x64.Build.0 = Debug|Any CPU
		{4A6FDFC4-7FB5-44BE-9620-4F3778A1988D}.Debug|x86.ActiveCfg = Debug|Any CPU
		{4A6FDFC4-7FB5-44BE-9620-4F3778A1988D}.Debug|x86.Build.0 = Debug|Any CPU
		{4A6FDFC4-7FB5-44BE-9620-4F3778A1988D}.Release|Any CPU.ActiveCfg = Release|Any CPU
		{4A6FDFC4-7FB5-44BE-9620-4F3778A1988D}.Release|Any CPU.Build.0 = Release|Any CPU
		{4A6FDFC4-7FB5-44BE-9620-4F3778A1988D}.Release|x64.ActiveCfg = Release|Any CPU
		{4A6FDFC4-7FB5-44BE-9620-4F3778A1988D}.Release|x64.Build.0 = Release|Any CPU
		{4A6FDFC4-7FB5-44BE-9620-4F3778A1988D}.Release|x86.ActiveCfg = Release|Any CPU
		{4A6FDFC4-7FB5-44BE-9620-4F3778A1988D}.Release|x86.Build.0 = Release|Any CPU
		{ACECF923-C01A-49F0-9082-075030A08C8B}.Debug|Any CPU.ActiveCfg = Debug|Any CPU
		{ACECF923-C01A-49F0-9082-075030A08C8B}.Debug|Any CPU.Build.0 = Debug|Any CPU
		{ACECF923-C01A-49F0-9082-075030A08C8B}.Debug|x64.ActiveCfg = Debug|Any CPU
		{ACECF923-C01A-49F0-9082-075030A08C8B}.Debug|x64.Build.0 = Debug|Any CPU
		{ACECF923-C01A-49F0-9082-075030A08C8B}.Debug|x86.ActiveCfg = Debug|Any CPU
		{ACECF923-C01A-49F0-9082-075030A08C8B}.Debug|x86.Build.0 = Debug|Any CPU
		{ACECF923-C01A-49F0-9082-075030A08C8B}.Release|Any CPU.ActiveCfg = Release|Any CPU
		{ACECF923-C01A-49F0-9082-075030A08C8B}.Release|Any CPU.Build.0 = Release|Any CPU
		{ACECF923-C01A-49F0-9082-075030A08C8B}.Release|x64.ActiveCfg = Release|Any CPU
		{ACECF923-C01A-49F0-9082-075030A08C8B}.Release|x64.Build.0 = Release|Any CPU
		{ACECF923-C01A-49F0-9082-075030A08C8B}.Release|x86.ActiveCfg = Release|Any CPU
		{ACECF923-C01A-49F0-9082-075030A08C8B}.Release|x86.Build.0 = Release|Any CPU
		{1EB05666-55E5-47EB-BAC3-1FA36F4253C8}.Debug|Any CPU.ActiveCfg = Debug|Any CPU
		{1EB05666-55E5-47EB-BAC3-1FA36F4253C8}.Debug|Any CPU.Build.0 = Debug|Any CPU
		{1EB05666-55E5-47EB-BAC3-1FA36F4253C8}.Debug|x64.ActiveCfg = Debug|Any CPU
		{1EB05666-55E5-47EB-BAC3-1FA36F4253C8}.Debug|x64.Build.0 = Debug|Any CPU
		{1EB05666-55E5-47EB-BAC3-1FA36F4253C8}.Debug|x86.ActiveCfg = Debug|Any CPU
		{1EB05666-55E5-47EB-BAC3-1FA36F4253C8}.Debug|x86.Build.0 = Debug|Any CPU
		{1EB05666-55E5-47EB-BAC3-1FA36F4253C8}.Release|Any CPU.ActiveCfg = Release|Any CPU
		{1EB05666-55E5-47EB-BAC3-1FA36F4253C8}.Release|Any CPU.Build.0 = Release|Any CPU
		{1EB05666-55E5-47EB-BAC3-1FA36F4253C8}.Release|x64.ActiveCfg = Release|Any CPU
		{1EB05666-55E5-47EB-BAC3-1FA36F4253C8}.Release|x64.Build.0 = Release|Any CPU
		{1EB05666-55E5-47EB-BAC3-1FA36F4253C8}.Release|x86.ActiveCfg = Release|Any CPU
		{1EB05666-55E5-47EB-BAC3-1FA36F4253C8}.Release|x86.Build.0 = Release|Any CPU
		{655AECF5-5B78-4046-BDB7-16D0EFACB09F}.Debug|Any CPU.ActiveCfg = Debug|Any CPU
		{655AECF5-5B78-4046-BDB7-16D0EFACB09F}.Debug|Any CPU.Build.0 = Debug|Any CPU
		{655AECF5-5B78-4046-BDB7-16D0EFACB09F}.Debug|x64.ActiveCfg = Debug|Any CPU
		{655AECF5-5B78-4046-BDB7-16D0EFACB09F}.Debug|x64.Build.0 = Debug|Any CPU
		{655AECF5-5B78-4046-BDB7-16D0EFACB09F}.Debug|x86.ActiveCfg = Debug|Any CPU
		{655AECF5-5B78-4046-BDB7-16D0EFACB09F}.Debug|x86.Build.0 = Debug|Any CPU
		{655AECF5-5B78-4046-BDB7-16D0EFACB09F}.Release|Any CPU.ActiveCfg = Release|Any CPU
		{655AECF5-5B78-4046-BDB7-16D0EFACB09F}.Release|Any CPU.Build.0 = Release|Any CPU
		{655AECF5-5B78-4046-BDB7-16D0EFACB09F}.Release|x64.ActiveCfg = Release|Any CPU
		{655AECF5-5B78-4046-BDB7-16D0EFACB09F}.Release|x64.Build.0 = Release|Any CPU
		{655AECF5-5B78-4046-BDB7-16D0EFACB09F}.Release|x86.ActiveCfg = Release|Any CPU
		{655AECF5-5B78-4046-BDB7-16D0EFACB09F}.Release|x86.Build.0 = Release|Any CPU
		{4CCC3D90-B6A4-4675-878B-6EA8EB2E2988}.Debug|Any CPU.ActiveCfg = Debug|Any CPU
		{4CCC3D90-B6A4-4675-878B-6EA8EB2E2988}.Debug|Any CPU.Build.0 = Debug|Any CPU
		{4CCC3D90-B6A4-4675-878B-6EA8EB2E2988}.Debug|x64.ActiveCfg = Debug|Any CPU
		{4CCC3D90-B6A4-4675-878B-6EA8EB2E2988}.Debug|x64.Build.0 = Debug|Any CPU
		{4CCC3D90-B6A4-4675-878B-6EA8EB2E2988}.Debug|x86.ActiveCfg = Debug|Any CPU
		{4CCC3D90-B6A4-4675-878B-6EA8EB2E2988}.Debug|x86.Build.0 = Debug|Any CPU
		{4CCC3D90-B6A4-4675-878B-6EA8EB2E2988}.Release|Any CPU.ActiveCfg = Release|Any CPU
		{4CCC3D90-B6A4-4675-878B-6EA8EB2E2988}.Release|Any CPU.Build.0 = Release|Any CPU
		{4CCC3D90-B6A4-4675-878B-6EA8EB2E2988}.Release|x64.ActiveCfg = Release|Any CPU
		{4CCC3D90-B6A4-4675-878B-6EA8EB2E2988}.Release|x64.Build.0 = Release|Any CPU
		{4CCC3D90-B6A4-4675-878B-6EA8EB2E2988}.Release|x86.ActiveCfg = Release|Any CPU
		{4CCC3D90-B6A4-4675-878B-6EA8EB2E2988}.Release|x86.Build.0 = Release|Any CPU
		{87D6749E-8816-4D7A-BF66-B5A81F1BB462}.Debug|Any CPU.ActiveCfg = Debug|Any CPU
		{87D6749E-8816-4D7A-BF66-B5A81F1BB462}.Debug|Any CPU.Build.0 = Debug|Any CPU
		{87D6749E-8816-4D7A-BF66-B5A81F1BB462}.Debug|x64.ActiveCfg = Debug|Any CPU
		{87D6749E-8816-4D7A-BF66-B5A81F1BB462}.Debug|x64.Build.0 = Debug|Any CPU
		{87D6749E-8816-4D7A-BF66-B5A81F1BB462}.Debug|x86.ActiveCfg = Debug|Any CPU
		{87D6749E-8816-4D7A-BF66-B5A81F1BB462}.Debug|x86.Build.0 = Debug|Any CPU
		{87D6749E-8816-4D7A-BF66-B5A81F1BB462}.Release|Any CPU.ActiveCfg = Release|Any CPU
		{87D6749E-8816-4D7A-BF66-B5A81F1BB462}.Release|Any CPU.Build.0 = Release|Any CPU
		{87D6749E-8816-4D7A-BF66-B5A81F1BB462}.Release|x64.ActiveCfg = Release|Any CPU
		{87D6749E-8816-4D7A-BF66-B5A81F1BB462}.Release|x64.Build.0 = Release|Any CPU
		{87D6749E-8816-4D7A-BF66-B5A81F1BB462}.Release|x86.ActiveCfg = Release|Any CPU
		{87D6749E-8816-4D7A-BF66-B5A81F1BB462}.Release|x86.Build.0 = Release|Any CPU
		{C1A7345F-5B2A-4309-A427-5366AD0AD1E2}.Debug|Any CPU.ActiveCfg = Debug|Any CPU
		{C1A7345F-5B2A-4309-A427-5366AD0AD1E2}.Debug|Any CPU.Build.0 = Debug|Any CPU
		{C1A7345F-5B2A-4309-A427-5366AD0AD1E2}.Debug|x64.ActiveCfg = Debug|Any CPU
		{C1A7345F-5B2A-4309-A427-5366AD0AD1E2}.Debug|x64.Build.0 = Debug|Any CPU
		{C1A7345F-5B2A-4309-A427-5366AD0AD1E2}.Debug|x86.ActiveCfg = Debug|Any CPU
		{C1A7345F-5B2A-4309-A427-5366AD0AD1E2}.Debug|x86.Build.0 = Debug|Any CPU
		{C1A7345F-5B2A-4309-A427-5366AD0AD1E2}.Release|Any CPU.ActiveCfg = Release|Any CPU
		{C1A7345F-5B2A-4309-A427-5366AD0AD1E2}.Release|Any CPU.Build.0 = Release|Any CPU
		{C1A7345F-5B2A-4309-A427-5366AD0AD1E2}.Release|x64.ActiveCfg = Release|Any CPU
		{C1A7345F-5B2A-4309-A427-5366AD0AD1E2}.Release|x64.Build.0 = Release|Any CPU
		{C1A7345F-5B2A-4309-A427-5366AD0AD1E2}.Release|x86.ActiveCfg = Release|Any CPU
		{C1A7345F-5B2A-4309-A427-5366AD0AD1E2}.Release|x86.Build.0 = Release|Any CPU
		{9E312912-733C-42A9-9BD9-0FE696ACD239}.Debug|Any CPU.ActiveCfg = Debug|Any CPU
		{9E312912-733C-42A9-9BD9-0FE696ACD239}.Debug|Any CPU.Build.0 = Debug|Any CPU
		{9E312912-733C-42A9-9BD9-0FE696ACD239}.Debug|x64.ActiveCfg = Debug|Any CPU
		{9E312912-733C-42A9-9BD9-0FE696ACD239}.Debug|x64.Build.0 = Debug|Any CPU
		{9E312912-733C-42A9-9BD9-0FE696ACD239}.Debug|x86.ActiveCfg = Debug|Any CPU
		{9E312912-733C-42A9-9BD9-0FE696ACD239}.Debug|x86.Build.0 = Debug|Any CPU
		{9E312912-733C-42A9-9BD9-0FE696ACD239}.Release|Any CPU.ActiveCfg = Release|Any CPU
		{9E312912-733C-42A9-9BD9-0FE696ACD239}.Release|Any CPU.Build.0 = Release|Any CPU
		{9E312912-733C-42A9-9BD9-0FE696ACD239}.Release|x64.ActiveCfg = Release|Any CPU
		{9E312912-733C-42A9-9BD9-0FE696ACD239}.Release|x64.Build.0 = Release|Any CPU
		{9E312912-733C-42A9-9BD9-0FE696ACD239}.Release|x86.ActiveCfg = Release|Any CPU
		{9E312912-733C-42A9-9BD9-0FE696ACD239}.Release|x86.Build.0 = Release|Any CPU
		{101C2CF5-F219-40E2-96D5-3278182F64F5}.Debug|Any CPU.ActiveCfg = Debug|Any CPU
		{101C2CF5-F219-40E2-96D5-3278182F64F5}.Debug|Any CPU.Build.0 = Debug|Any CPU
		{101C2CF5-F219-40E2-96D5-3278182F64F5}.Debug|x64.ActiveCfg = Debug|Any CPU
		{101C2CF5-F219-40E2-96D5-3278182F64F5}.Debug|x64.Build.0 = Debug|Any CPU
		{101C2CF5-F219-40E2-96D5-3278182F64F5}.Debug|x86.ActiveCfg = Debug|Any CPU
		{101C2CF5-F219-40E2-96D5-3278182F64F5}.Debug|x86.Build.0 = Debug|Any CPU
		{101C2CF5-F219-40E2-96D5-3278182F64F5}.Release|Any CPU.ActiveCfg = Release|Any CPU
		{101C2CF5-F219-40E2-96D5-3278182F64F5}.Release|Any CPU.Build.0 = Release|Any CPU
		{101C2CF5-F219-40E2-96D5-3278182F64F5}.Release|x64.ActiveCfg = Release|Any CPU
		{101C2CF5-F219-40E2-96D5-3278182F64F5}.Release|x64.Build.0 = Release|Any CPU
		{101C2CF5-F219-40E2-96D5-3278182F64F5}.Release|x86.ActiveCfg = Release|Any CPU
		{101C2CF5-F219-40E2-96D5-3278182F64F5}.Release|x86.Build.0 = Release|Any CPU
		{ACDC5C86-7F2B-4E6F-988F-EDE3798B1CA0}.Debug|Any CPU.ActiveCfg = Debug|Any CPU
		{ACDC5C86-7F2B-4E6F-988F-EDE3798B1CA0}.Debug|Any CPU.Build.0 = Debug|Any CPU
		{ACDC5C86-7F2B-4E6F-988F-EDE3798B1CA0}.Debug|x64.ActiveCfg = Debug|Any CPU
		{ACDC5C86-7F2B-4E6F-988F-EDE3798B1CA0}.Debug|x64.Build.0 = Debug|Any CPU
		{ACDC5C86-7F2B-4E6F-988F-EDE3798B1CA0}.Debug|x86.ActiveCfg = Debug|Any CPU
		{ACDC5C86-7F2B-4E6F-988F-EDE3798B1CA0}.Debug|x86.Build.0 = Debug|Any CPU
		{ACDC5C86-7F2B-4E6F-988F-EDE3798B1CA0}.Release|Any CPU.ActiveCfg = Release|Any CPU
		{ACDC5C86-7F2B-4E6F-988F-EDE3798B1CA0}.Release|Any CPU.Build.0 = Release|Any CPU
		{ACDC5C86-7F2B-4E6F-988F-EDE3798B1CA0}.Release|x64.ActiveCfg = Release|Any CPU
		{ACDC5C86-7F2B-4E6F-988F-EDE3798B1CA0}.Release|x64.Build.0 = Release|Any CPU
		{ACDC5C86-7F2B-4E6F-988F-EDE3798B1CA0}.Release|x86.ActiveCfg = Release|Any CPU
		{ACDC5C86-7F2B-4E6F-988F-EDE3798B1CA0}.Release|x86.Build.0 = Release|Any CPU
		{AB065191-1B78-4207-A0A6-E3BE54AE6F88}.Debug|Any CPU.ActiveCfg = Debug|Any CPU
		{AB065191-1B78-4207-A0A6-E3BE54AE6F88}.Debug|Any CPU.Build.0 = Debug|Any CPU
		{AB065191-1B78-4207-A0A6-E3BE54AE6F88}.Debug|x64.ActiveCfg = Debug|Any CPU
		{AB065191-1B78-4207-A0A6-E3BE54AE6F88}.Debug|x64.Build.0 = Debug|Any CPU
		{AB065191-1B78-4207-A0A6-E3BE54AE6F88}.Debug|x86.ActiveCfg = Debug|Any CPU
		{AB065191-1B78-4207-A0A6-E3BE54AE6F88}.Debug|x86.Build.0 = Debug|Any CPU
		{AB065191-1B78-4207-A0A6-E3BE54AE6F88}.Release|Any CPU.ActiveCfg = Release|Any CPU
		{AB065191-1B78-4207-A0A6-E3BE54AE6F88}.Release|Any CPU.Build.0 = Release|Any CPU
		{AB065191-1B78-4207-A0A6-E3BE54AE6F88}.Release|x64.ActiveCfg = Release|Any CPU
		{AB065191-1B78-4207-A0A6-E3BE54AE6F88}.Release|x64.Build.0 = Release|Any CPU
		{AB065191-1B78-4207-A0A6-E3BE54AE6F88}.Release|x86.ActiveCfg = Release|Any CPU
		{AB065191-1B78-4207-A0A6-E3BE54AE6F88}.Release|x86.Build.0 = Release|Any CPU
		{F04440A6-D400-4A64-BDB2-DF7B4286B9D0}.Debug|Any CPU.ActiveCfg = Debug|Any CPU
		{F04440A6-D400-4A64-BDB2-DF7B4286B9D0}.Debug|Any CPU.Build.0 = Debug|Any CPU
		{F04440A6-D400-4A64-BDB2-DF7B4286B9D0}.Debug|x64.ActiveCfg = Debug|Any CPU
		{F04440A6-D400-4A64-BDB2-DF7B4286B9D0}.Debug|x64.Build.0 = Debug|Any CPU
		{F04440A6-D400-4A64-BDB2-DF7B4286B9D0}.Debug|x86.ActiveCfg = Debug|Any CPU
		{F04440A6-D400-4A64-BDB2-DF7B4286B9D0}.Debug|x86.Build.0 = Debug|Any CPU
		{F04440A6-D400-4A64-BDB2-DF7B4286B9D0}.Release|Any CPU.ActiveCfg = Release|Any CPU
		{F04440A6-D400-4A64-BDB2-DF7B4286B9D0}.Release|Any CPU.Build.0 = Release|Any CPU
		{F04440A6-D400-4A64-BDB2-DF7B4286B9D0}.Release|x64.ActiveCfg = Release|Any CPU
		{F04440A6-D400-4A64-BDB2-DF7B4286B9D0}.Release|x64.Build.0 = Release|Any CPU
		{F04440A6-D400-4A64-BDB2-DF7B4286B9D0}.Release|x86.ActiveCfg = Release|Any CPU
		{F04440A6-D400-4A64-BDB2-DF7B4286B9D0}.Release|x86.Build.0 = Release|Any CPU
		{0DE3A3A3-52F8-4269-9D2B-077099FDFAEE}.Debug|Any CPU.ActiveCfg = Debug|Any CPU
		{0DE3A3A3-52F8-4269-9D2B-077099FDFAEE}.Debug|Any CPU.Build.0 = Debug|Any CPU
		{0DE3A3A3-52F8-4269-9D2B-077099FDFAEE}.Debug|x64.ActiveCfg = Debug|Any CPU
		{0DE3A3A3-52F8-4269-9D2B-077099FDFAEE}.Debug|x64.Build.0 = Debug|Any CPU
		{0DE3A3A3-52F8-4269-9D2B-077099FDFAEE}.Debug|x86.ActiveCfg = Debug|Any CPU
		{0DE3A3A3-52F8-4269-9D2B-077099FDFAEE}.Debug|x86.Build.0 = Debug|Any CPU
		{0DE3A3A3-52F8-4269-9D2B-077099FDFAEE}.Release|Any CPU.ActiveCfg = Release|Any CPU
		{0DE3A3A3-52F8-4269-9D2B-077099FDFAEE}.Release|Any CPU.Build.0 = Release|Any CPU
		{0DE3A3A3-52F8-4269-9D2B-077099FDFAEE}.Release|x64.ActiveCfg = Release|Any CPU
		{0DE3A3A3-52F8-4269-9D2B-077099FDFAEE}.Release|x64.Build.0 = Release|Any CPU
		{0DE3A3A3-52F8-4269-9D2B-077099FDFAEE}.Release|x86.ActiveCfg = Release|Any CPU
		{0DE3A3A3-52F8-4269-9D2B-077099FDFAEE}.Release|x86.Build.0 = Release|Any CPU
		{C5D558DA-9426-4D0F-967D-D1F3EDAFC9F6}.Debug|Any CPU.ActiveCfg = Debug|Any CPU
		{C5D558DA-9426-4D0F-967D-D1F3EDAFC9F6}.Debug|Any CPU.Build.0 = Debug|Any CPU
		{C5D558DA-9426-4D0F-967D-D1F3EDAFC9F6}.Debug|x64.ActiveCfg = Debug|Any CPU
		{C5D558DA-9426-4D0F-967D-D1F3EDAFC9F6}.Debug|x64.Build.0 = Debug|Any CPU
		{C5D558DA-9426-4D0F-967D-D1F3EDAFC9F6}.Debug|x86.ActiveCfg = Debug|Any CPU
		{C5D558DA-9426-4D0F-967D-D1F3EDAFC9F6}.Debug|x86.Build.0 = Debug|Any CPU
		{C5D558DA-9426-4D0F-967D-D1F3EDAFC9F6}.Release|Any CPU.ActiveCfg = Release|Any CPU
		{C5D558DA-9426-4D0F-967D-D1F3EDAFC9F6}.Release|Any CPU.Build.0 = Release|Any CPU
		{C5D558DA-9426-4D0F-967D-D1F3EDAFC9F6}.Release|x64.ActiveCfg = Release|Any CPU
		{C5D558DA-9426-4D0F-967D-D1F3EDAFC9F6}.Release|x64.Build.0 = Release|Any CPU
		{C5D558DA-9426-4D0F-967D-D1F3EDAFC9F6}.Release|x86.ActiveCfg = Release|Any CPU
		{C5D558DA-9426-4D0F-967D-D1F3EDAFC9F6}.Release|x86.Build.0 = Release|Any CPU
		{AF144BB4-4A8F-4D13-BB81-AE073CB17164}.Debug|Any CPU.ActiveCfg = Debug|Any CPU
		{AF144BB4-4A8F-4D13-BB81-AE073CB17164}.Debug|Any CPU.Build.0 = Debug|Any CPU
		{AF144BB4-4A8F-4D13-BB81-AE073CB17164}.Debug|x64.ActiveCfg = Debug|Any CPU
		{AF144BB4-4A8F-4D13-BB81-AE073CB17164}.Debug|x64.Build.0 = Debug|Any CPU
		{AF144BB4-4A8F-4D13-BB81-AE073CB17164}.Debug|x86.ActiveCfg = Debug|Any CPU
		{AF144BB4-4A8F-4D13-BB81-AE073CB17164}.Debug|x86.Build.0 = Debug|Any CPU
		{AF144BB4-4A8F-4D13-BB81-AE073CB17164}.Release|Any CPU.ActiveCfg = Release|Any CPU
		{AF144BB4-4A8F-4D13-BB81-AE073CB17164}.Release|Any CPU.Build.0 = Release|Any CPU
		{AF144BB4-4A8F-4D13-BB81-AE073CB17164}.Release|x64.ActiveCfg = Release|Any CPU
		{AF144BB4-4A8F-4D13-BB81-AE073CB17164}.Release|x64.Build.0 = Release|Any CPU
		{AF144BB4-4A8F-4D13-BB81-AE073CB17164}.Release|x86.ActiveCfg = Release|Any CPU
		{AF144BB4-4A8F-4D13-BB81-AE073CB17164}.Release|x86.Build.0 = Release|Any CPU
		{53DC7F35-BF30-4A67-9FB5-65DCAF9B984B}.Debug|Any CPU.ActiveCfg = Debug|Any CPU
		{53DC7F35-BF30-4A67-9FB5-65DCAF9B984B}.Debug|Any CPU.Build.0 = Debug|Any CPU
		{53DC7F35-BF30-4A67-9FB5-65DCAF9B984B}.Debug|x64.ActiveCfg = Debug|Any CPU
		{53DC7F35-BF30-4A67-9FB5-65DCAF9B984B}.Debug|x64.Build.0 = Debug|Any CPU
		{53DC7F35-BF30-4A67-9FB5-65DCAF9B984B}.Debug|x86.ActiveCfg = Debug|Any CPU
		{53DC7F35-BF30-4A67-9FB5-65DCAF9B984B}.Debug|x86.Build.0 = Debug|Any CPU
		{53DC7F35-BF30-4A67-9FB5-65DCAF9B984B}.Release|Any CPU.ActiveCfg = Release|Any CPU
		{53DC7F35-BF30-4A67-9FB5-65DCAF9B984B}.Release|Any CPU.Build.0 = Release|Any CPU
		{53DC7F35-BF30-4A67-9FB5-65DCAF9B984B}.Release|x64.ActiveCfg = Release|Any CPU
		{53DC7F35-BF30-4A67-9FB5-65DCAF9B984B}.Release|x64.Build.0 = Release|Any CPU
		{53DC7F35-BF30-4A67-9FB5-65DCAF9B984B}.Release|x86.ActiveCfg = Release|Any CPU
		{53DC7F35-BF30-4A67-9FB5-65DCAF9B984B}.Release|x86.Build.0 = Release|Any CPU
		{4D8574B5-BB42-46DA-AAE5-4DACD9E1EE1E}.Debug|Any CPU.ActiveCfg = Debug|Any CPU
		{4D8574B5-BB42-46DA-AAE5-4DACD9E1EE1E}.Debug|Any CPU.Build.0 = Debug|Any CPU
		{4D8574B5-BB42-46DA-AAE5-4DACD9E1EE1E}.Debug|x64.ActiveCfg = Debug|Any CPU
		{4D8574B5-BB42-46DA-AAE5-4DACD9E1EE1E}.Debug|x64.Build.0 = Debug|Any CPU
		{4D8574B5-BB42-46DA-AAE5-4DACD9E1EE1E}.Debug|x86.ActiveCfg = Debug|Any CPU
		{4D8574B5-BB42-46DA-AAE5-4DACD9E1EE1E}.Debug|x86.Build.0 = Debug|Any CPU
		{4D8574B5-BB42-46DA-AAE5-4DACD9E1EE1E}.Release|Any CPU.ActiveCfg = Release|Any CPU
		{4D8574B5-BB42-46DA-AAE5-4DACD9E1EE1E}.Release|Any CPU.Build.0 = Release|Any CPU
		{4D8574B5-BB42-46DA-AAE5-4DACD9E1EE1E}.Release|x64.ActiveCfg = Release|Any CPU
		{4D8574B5-BB42-46DA-AAE5-4DACD9E1EE1E}.Release|x64.Build.0 = Release|Any CPU
		{4D8574B5-BB42-46DA-AAE5-4DACD9E1EE1E}.Release|x86.ActiveCfg = Release|Any CPU
		{4D8574B5-BB42-46DA-AAE5-4DACD9E1EE1E}.Release|x86.Build.0 = Release|Any CPU
		{6D1BBCF2-428E-41BA-A5E5-726745BAAB3D}.Debug|Any CPU.ActiveCfg = Debug|Any CPU
		{6D1BBCF2-428E-41BA-A5E5-726745BAAB3D}.Debug|Any CPU.Build.0 = Debug|Any CPU
		{6D1BBCF2-428E-41BA-A5E5-726745BAAB3D}.Debug|x64.ActiveCfg = Debug|Any CPU
		{6D1BBCF2-428E-41BA-A5E5-726745BAAB3D}.Debug|x64.Build.0 = Debug|Any CPU
		{6D1BBCF2-428E-41BA-A5E5-726745BAAB3D}.Debug|x86.ActiveCfg = Debug|Any CPU
		{6D1BBCF2-428E-41BA-A5E5-726745BAAB3D}.Debug|x86.Build.0 = Debug|Any CPU
		{6D1BBCF2-428E-41BA-A5E5-726745BAAB3D}.Release|Any CPU.ActiveCfg = Release|Any CPU
		{6D1BBCF2-428E-41BA-A5E5-726745BAAB3D}.Release|Any CPU.Build.0 = Release|Any CPU
		{6D1BBCF2-428E-41BA-A5E5-726745BAAB3D}.Release|x64.ActiveCfg = Release|Any CPU
		{6D1BBCF2-428E-41BA-A5E5-726745BAAB3D}.Release|x64.Build.0 = Release|Any CPU
		{6D1BBCF2-428E-41BA-A5E5-726745BAAB3D}.Release|x86.ActiveCfg = Release|Any CPU
		{6D1BBCF2-428E-41BA-A5E5-726745BAAB3D}.Release|x86.Build.0 = Release|Any CPU
		{B431C6B6-51DD-42D5-A793-CF5A4DB28848}.Debug|Any CPU.ActiveCfg = Debug|Any CPU
		{B431C6B6-51DD-42D5-A793-CF5A4DB28848}.Debug|Any CPU.Build.0 = Debug|Any CPU
		{B431C6B6-51DD-42D5-A793-CF5A4DB28848}.Debug|x64.ActiveCfg = Debug|Any CPU
		{B431C6B6-51DD-42D5-A793-CF5A4DB28848}.Debug|x64.Build.0 = Debug|Any CPU
		{B431C6B6-51DD-42D5-A793-CF5A4DB28848}.Debug|x86.ActiveCfg = Debug|Any CPU
		{B431C6B6-51DD-42D5-A793-CF5A4DB28848}.Debug|x86.Build.0 = Debug|Any CPU
		{B431C6B6-51DD-42D5-A793-CF5A4DB28848}.Release|Any CPU.ActiveCfg = Release|Any CPU
		{B431C6B6-51DD-42D5-A793-CF5A4DB28848}.Release|Any CPU.Build.0 = Release|Any CPU
		{B431C6B6-51DD-42D5-A793-CF5A4DB28848}.Release|x64.ActiveCfg = Release|Any CPU
		{B431C6B6-51DD-42D5-A793-CF5A4DB28848}.Release|x64.Build.0 = Release|Any CPU
		{B431C6B6-51DD-42D5-A793-CF5A4DB28848}.Release|x86.ActiveCfg = Release|Any CPU
		{B431C6B6-51DD-42D5-A793-CF5A4DB28848}.Release|x86.Build.0 = Release|Any CPU
		{9DD89401-84E9-4754-891F-20E67BEF3004}.Debug|Any CPU.ActiveCfg = Debug|Any CPU
		{9DD89401-84E9-4754-891F-20E67BEF3004}.Debug|Any CPU.Build.0 = Debug|Any CPU
		{9DD89401-84E9-4754-891F-20E67BEF3004}.Debug|x64.ActiveCfg = Debug|Any CPU
		{9DD89401-84E9-4754-891F-20E67BEF3004}.Debug|x64.Build.0 = Debug|Any CPU
		{9DD89401-84E9-4754-891F-20E67BEF3004}.Debug|x86.ActiveCfg = Debug|Any CPU
		{9DD89401-84E9-4754-891F-20E67BEF3004}.Debug|x86.Build.0 = Debug|Any CPU
		{9DD89401-84E9-4754-891F-20E67BEF3004}.Release|Any CPU.ActiveCfg = Release|Any CPU
		{9DD89401-84E9-4754-891F-20E67BEF3004}.Release|Any CPU.Build.0 = Release|Any CPU
		{9DD89401-84E9-4754-891F-20E67BEF3004}.Release|x64.ActiveCfg = Release|Any CPU
		{9DD89401-84E9-4754-891F-20E67BEF3004}.Release|x64.Build.0 = Release|Any CPU
		{9DD89401-84E9-4754-891F-20E67BEF3004}.Release|x86.ActiveCfg = Release|Any CPU
		{9DD89401-84E9-4754-891F-20E67BEF3004}.Release|x86.Build.0 = Release|Any CPU
		{51EB7284-1D0B-442A-BCAF-4A7BEAF28381}.Debug|Any CPU.ActiveCfg = Debug|Any CPU
		{51EB7284-1D0B-442A-BCAF-4A7BEAF28381}.Debug|Any CPU.Build.0 = Debug|Any CPU
		{51EB7284-1D0B-442A-BCAF-4A7BEAF28381}.Debug|x64.ActiveCfg = Debug|Any CPU
		{51EB7284-1D0B-442A-BCAF-4A7BEAF28381}.Debug|x64.Build.0 = Debug|Any CPU
		{51EB7284-1D0B-442A-BCAF-4A7BEAF28381}.Debug|x86.ActiveCfg = Debug|Any CPU
		{51EB7284-1D0B-442A-BCAF-4A7BEAF28381}.Debug|x86.Build.0 = Debug|Any CPU
		{51EB7284-1D0B-442A-BCAF-4A7BEAF28381}.Release|Any CPU.ActiveCfg = Release|Any CPU
		{51EB7284-1D0B-442A-BCAF-4A7BEAF28381}.Release|Any CPU.Build.0 = Release|Any CPU
		{51EB7284-1D0B-442A-BCAF-4A7BEAF28381}.Release|x64.ActiveCfg = Release|Any CPU
		{51EB7284-1D0B-442A-BCAF-4A7BEAF28381}.Release|x64.Build.0 = Release|Any CPU
		{51EB7284-1D0B-442A-BCAF-4A7BEAF28381}.Release|x86.ActiveCfg = Release|Any CPU
		{51EB7284-1D0B-442A-BCAF-4A7BEAF28381}.Release|x86.Build.0 = Release|Any CPU
	EndGlobalSection
	GlobalSection(SolutionProperties) = preSolution
		HideSolutionNode = FALSE
	EndGlobalSection
	GlobalSection(NestedProjects) = preSolution
		{CD970AA6-D978-4BD9-8F90-9C023DB6BB0D} = {054E098A-DE7F-C2E2-D498-DCF28B4B3A18}
		{A2C8A177-2A96-4DD2-B928-C557DF75A173} = {91848824-DE2F-F91E-F172-D8D4BD0164AA}
		{105033B4-9881-496C-AD05-FB0023623922} = {F21C9BF3-AE8D-BEA1-BF85-B7CF85C223EF}
		{3FAEB3A9-DB03-48E6-A82C-5EEC8CB4A03A} = {66320409-64EC-F7C5-3DEF-65E7510DAAD1}
		{2623FEAD-77C6-7BB6-5D83-B5359FC60587} = {91965E0B-06BD-F923-E875-453ABCE7E137}
		{44357D2C-7372-4A47-97EE-02BAC92E071A} = {2623FEAD-77C6-7BB6-5D83-B5359FC60587}
		{28640B57-AB32-4463-A1AD-B7B31F27C112} = {2623FEAD-77C6-7BB6-5D83-B5359FC60587}
		{B795CBE0-00CA-4B2E-B597-BE65D50F8937} = {2623FEAD-77C6-7BB6-5D83-B5359FC60587}
		{4345EA90-2E9E-4B73-B01B-8FD14E9F47AD} = {74B44C54-1F1E-3391-2507-55D1D8F9031C}
		{2888333E-3AC2-D8FF-2B50-8CDB78D3AFA4} = {57067FB5-FBD7-55BD-3751-471D2593C55B}
		{460ACF5B-8DAD-47DD-AA3A-DF10D331C11C} = {2888333E-3AC2-D8FF-2B50-8CDB78D3AFA4}
		{C92906F2-248E-C6FF-901E-AB8558029A35} = {D5CBEAF3-B4A8-EAF3-2A84-3DA03065FD38}
		{DC2601A6-B692-DE92-D583-0BBA3BA839B4} = {C92906F2-248E-C6FF-901E-AB8558029A35}
		{593AF669-391D-45BC-8448-4A0D18A897BF} = {DC2601A6-B692-DE92-D583-0BBA3BA839B4}
		{777AEC60-D858-BC0B-7623-C9C9754E00D3} = {D5CBEAF3-B4A8-EAF3-2A84-3DA03065FD38}
		{1729745B-B50B-5D7A-6908-632F7734F981} = {777AEC60-D858-BC0B-7623-C9C9754E00D3}
		{D8DB6177-287E-4AEC-B415-BB4E04FB9936} = {1729745B-B50B-5D7A-6908-632F7734F981}
		{D9D670EF-DE77-0B2A-73A4-5C3C776D20C6} = {C92906F2-248E-C6FF-901E-AB8558029A35}
		{4A6FDFC4-7FB5-44BE-9620-4F3778A1988D} = {D9D670EF-DE77-0B2A-73A4-5C3C776D20C6}
		{ACECF923-C01A-49F0-9082-075030A08C8B} = {DC2601A6-B692-DE92-D583-0BBA3BA839B4}
		{1EB05666-55E5-47EB-BAC3-1FA36F4253C8} = {DC2601A6-B692-DE92-D583-0BBA3BA839B4}
		{655AECF5-5B78-4046-BDB7-16D0EFACB09F} = {1729745B-B50B-5D7A-6908-632F7734F981}
		{4CCC3D90-B6A4-4675-878B-6EA8EB2E2988} = {1729745B-B50B-5D7A-6908-632F7734F981}
		{87D6749E-8816-4D7A-BF66-B5A81F1BB462} = {DC2601A6-B692-DE92-D583-0BBA3BA839B4}
		{9ACEEE83-74E3-56F6-3542-E7EB9A54BDF5} = {07D57EEB-2F50-60C4-C011-FE4FA775C9A8}
		{C1A7345F-5B2A-4309-A427-5366AD0AD1E2} = {9ACEEE83-74E3-56F6-3542-E7EB9A54BDF5}
		{9E312912-733C-42A9-9BD9-0FE696ACD239} = {9ACEEE83-74E3-56F6-3542-E7EB9A54BDF5}
		{101C2CF5-F219-40E2-96D5-3278182F64F5} = {9ACEEE83-74E3-56F6-3542-E7EB9A54BDF5}
		{ACDC5C86-7F2B-4E6F-988F-EDE3798B1CA0} = {9ACEEE83-74E3-56F6-3542-E7EB9A54BDF5}
		{AB065191-1B78-4207-A0A6-E3BE54AE6F88} = {9ACEEE83-74E3-56F6-3542-E7EB9A54BDF5}
		{F04440A6-D400-4A64-BDB2-DF7B4286B9D0} = {9ACEEE83-74E3-56F6-3542-E7EB9A54BDF5}
		{B0F11E69-D714-39B2-4156-5A6CDEBB0B88} = {07D57EEB-2F50-60C4-C011-FE4FA775C9A8}
		{0DE3A3A3-52F8-4269-9D2B-077099FDFAEE} = {B0F11E69-D714-39B2-4156-5A6CDEBB0B88}
		{D88E0CE7-DE1E-CA43-F65B-E201F6248602} = {D585295F-7994-3649-1065-7AA403C41681}
		{7DA13584-D925-EBEC-A465-4FC4D4F05DC7} = {D88E0CE7-DE1E-CA43-F65B-E201F6248602}
		{7E93014B-7BD1-765D-E208-A6FDAE4A3FFC} = {7DA13584-D925-EBEC-A465-4FC4D4F05DC7}
		{C5D558DA-9426-4D0F-967D-D1F3EDAFC9F6} = {7E93014B-7BD1-765D-E208-A6FDAE4A3FFC}
		{4907579D-654C-9840-7093-C5220136446F} = {7DA13584-D925-EBEC-A465-4FC4D4F05DC7}
		{AF144BB4-4A8F-4D13-BB81-AE073CB17164} = {4907579D-654C-9840-7093-C5220136446F}
		{54F10616-C66C-2AB3-8980-E984B71CFC01} = {7DA13584-D925-EBEC-A465-4FC4D4F05DC7}
		{53DC7F35-BF30-4A67-9FB5-65DCAF9B984B} = {54F10616-C66C-2AB3-8980-E984B71CFC01}
		{C30E8F30-471D-19F0-461F-F691E8C4128E} = {D88E0CE7-DE1E-CA43-F65B-E201F6248602}
		{4D8574B5-BB42-46DA-AAE5-4DACD9E1EE1E} = {C30E8F30-471D-19F0-461F-F691E8C4128E}
		{6D1BBCF2-428E-41BA-A5E5-726745BAAB3D} = {C30E8F30-471D-19F0-461F-F691E8C4128E}
		{B431C6B6-51DD-42D5-A793-CF5A4DB28848} = {C30E8F30-471D-19F0-461F-F691E8C4128E}
		{3AD2A281-4911-9879-0D77-20524E333020} = {7DA13584-D925-EBEC-A465-4FC4D4F05DC7}
		{9DD89401-84E9-4754-891F-20E67BEF3004} = {3AD2A281-4911-9879-0D77-20524E333020}
		{51EB7284-1D0B-442A-BCAF-4A7BEAF28381} = {C30E8F30-471D-19F0-461F-F691E8C4128E}
	EndGlobalSection
EndGlobal
