
Microsoft Visual Studio Solution File, Format Version 12.00
# Visual Studio Version 17
VisualStudioVersion = 17.0.31903.59
MinimumVisualStudioVersion = 10.0.40219.1
Project("{FAE04EC0-301F-11D3-BF4B-00C04F79EFBC}") = "PigeonPea.Shared", "game-essential\core\PigeonPea.Shared\PigeonPea.Shared.csproj", "{A1234567-1234-1234-1234-123456789ABC}"
EndProject
Project("{FAE04EC0-301F-11D3-BF4B-00C04F79EFBC}") = "PigeonPea.Windows", "windows-app\core\PigeonPea.Windows\PigeonPea.Windows.csproj", "{B1234567-1234-1234-1234-123456789ABC}"
EndProject
Project("{FAE04EC0-301F-11D3-BF4B-00C04F79EFBC}") = "PigeonPea.Console", "console-app\core\PigeonPea.Console\PigeonPea.Console.csproj", "{C1234567-1234-1234-1234-123456789ABC}"
EndProject
Project("{2150E333-8FDC-42A3-9474-1A3956D46DE8}") = "shared-app.Tests", "shared-app.Tests", "{054E098A-DE7F-C2E2-D498-DCF28B4B3A18}"
EndProject
Project("{FAE04EC0-301F-11D3-BF4B-00C04F79EFBC}") = "PigeonPea.Shared.Tests", "shared-app.Tests\PigeonPea.Shared.Tests.csproj", "{CD970AA6-D978-4BD9-8F90-9C023DB6BB0D}"
EndProject
Project("{2150E333-8FDC-42A3-9474-1A3956D46DE8}") = "console-app.Tests", "console-app.Tests", "{91848824-DE2F-F91E-F172-D8D4BD0164AA}"
EndProject
Project("{FAE04EC0-301F-11D3-BF4B-00C04F79EFBC}") = "PigeonPea.Console.Tests", "console-app.Tests\PigeonPea.Console.Tests.csproj", "{A2C8A177-2A96-4DD2-B928-C557DF75A173}"
EndProject
Project("{2150E333-8FDC-42A3-9474-1A3956D46DE8}") = "windows-app.Tests", "windows-app.Tests", "{F21C9BF3-AE8D-BEA1-BF85-B7CF85C223EF}"
EndProject
Project("{FAE04EC0-301F-11D3-BF4B-00C04F79EFBC}") = "PigeonPea.Windows.Tests", "windows-app.Tests\PigeonPea.Windows.Tests.csproj", "{105033B4-9881-496C-AD05-FB0023623922}"
EndProject
Project("{2150E333-8FDC-42A3-9474-1A3956D46DE8}") = "benchmarks", "benchmarks", "{66320409-64EC-F7C5-3DEF-65E7510DAAD1}"
EndProject
Project("{FAE04EC0-301F-11D3-BF4B-00C04F79EFBC}") = "PigeonPea.Benchmarks", "benchmarks\PigeonPea.Benchmarks.csproj", "{3FAEB3A9-DB03-48E6-A82C-5EEC8CB4A03A}"
EndProject
Project("{2150E333-8FDC-42A3-9474-1A3956D46DE8}") = "app-essential", "app-essential", "{91965E0B-06BD-F923-E875-453ABCE7E137}"
EndProject
Project("{2150E333-8FDC-42A3-9474-1A3956D46DE8}") = "core", "core", "{2623FEAD-77C6-7BB6-5D83-B5359FC60587}"
EndProject
Project("{FAE04EC0-301F-11D3-BF4B-00C04F79EFBC}") = "PigeonPea.Contracts", "app-essential\core\PigeonPea.Contracts\PigeonPea.Contracts.csproj", "{44357D2C-7372-4A47-97EE-02BAC92E071A}"
EndProject
Project("{FAE04EC0-301F-11D3-BF4B-00C04F79EFBC}") = "PigeonPea.Game.Contracts", "game-essential\core\PigeonPea.Game.Contracts\PigeonPea.Game.Contracts.csproj", "{28640B57-AB32-4463-A1AD-B7B31F27C112}"
EndProject
Project("{FAE04EC0-301F-11D3-BF4B-00C04F79EFBC}") = "PigeonPea.PluginSystem", "app-essential\core\PigeonPea.PluginSystem\PigeonPea.PluginSystem.csproj", "{B795CBE0-00CA-4B2E-B597-BE65D50F8937}"
EndProject
Project("{2150E333-8FDC-42A3-9474-1A3956D46DE8}") = "plugin-system.Tests", "plugin-system.Tests", "{74B44C54-1F1E-3391-2507-55D1D8F9031C}"
EndProject
Project("{FAE04EC0-301F-11D3-BF4B-00C04F79EFBC}") = "PigeonPea.PluginSystem.Tests", "plugin-system.Tests\PigeonPea.PluginSystem.Tests.csproj", "{4345EA90-2E9E-4B73-B01B-8FD14E9F47AD}"
EndProject
Project("{2150E333-8FDC-42A3-9474-1A3956D46DE8}") = "console-app", "console-app", "{57067FB5-FBD7-55BD-3751-471D2593C55B}"
EndProject
Project("{2150E333-8FDC-42A3-9474-1A3956D46DE8}") = "plugins", "plugins", "{2888333E-3AC2-D8FF-2B50-8CDB78D3AFA4}"
EndProject
Project("{FAE04EC0-301F-11D3-BF4B-00C04F79EFBC}") = "PigeonPea.Plugins.Rendering.Terminal.ANSI", "console-app\plugins\PigeonPea.Plugins.Rendering.Terminal.ANSI\PigeonPea.Plugins.Rendering.Terminal.ANSI.csproj", "{460ACF5B-8DAD-47DD-AA3A-DF10D331C11C}"
EndProject
Global
	GlobalSection(SolutionConfigurationPlatforms) = preSolution
		Debug|Any CPU = Debug|Any CPU
		Debug|x64 = Debug|x64
		Debug|x86 = Debug|x86
		Release|Any CPU = Release|Any CPU
		Release|x64 = Release|x64
		Release|x86 = Release|x86
	EndGlobalSection
	GlobalSection(ProjectConfigurationPlatforms) = postSolution
		{A1234567-1234-1234-1234-123456789ABC}.Debug|Any CPU.ActiveCfg = Debug|Any CPU
		{A1234567-1234-1234-1234-123456789ABC}.Debug|Any CPU.Build.0 = Debug|Any CPU
		{A1234567-1234-1234-1234-123456789ABC}.Debug|x64.ActiveCfg = Debug|Any CPU
		{A1234567-1234-1234-1234-123456789ABC}.Debug|x64.Build.0 = Debug|Any CPU
		{A1234567-1234-1234-1234-123456789ABC}.Debug|x86.ActiveCfg = Debug|Any CPU
		{A1234567-1234-1234-1234-123456789ABC}.Debug|x86.Build.0 = Debug|Any CPU
		{A1234567-1234-1234-1234-123456789ABC}.Release|Any CPU.ActiveCfg = Release|Any CPU
		{A1234567-1234-1234-1234-123456789ABC}.Release|Any CPU.Build.0 = Release|Any CPU
		{A1234567-1234-1234-1234-123456789ABC}.Release|x64.ActiveCfg = Release|Any CPU
		{A1234567-1234-1234-1234-123456789ABC}.Release|x64.Build.0 = Release|Any CPU
		{A1234567-1234-1234-1234-123456789ABC}.Release|x86.ActiveCfg = Release|Any CPU
		{A1234567-1234-1234-1234-123456789ABC}.Release|x86.Build.0 = Release|Any CPU
		{B1234567-1234-1234-1234-123456789ABC}.Debug|Any CPU.ActiveCfg = Debug|Any CPU
		{B1234567-1234-1234-1234-123456789ABC}.Debug|Any CPU.Build.0 = Debug|Any CPU
		{B1234567-1234-1234-1234-123456789ABC}.Debug|x64.ActiveCfg = Debug|Any CPU
		{B1234567-1234-1234-1234-123456789ABC}.Debug|x64.Build.0 = Debug|Any CPU
		{B1234567-1234-1234-1234-123456789ABC}.Debug|x86.ActiveCfg = Debug|Any CPU
		{B1234567-1234-1234-1234-123456789ABC}.Debug|x86.Build.0 = Debug|Any CPU
		{B1234567-1234-1234-1234-123456789ABC}.Release|Any CPU.ActiveCfg = Release|Any CPU
		{B1234567-1234-1234-1234-123456789ABC}.Release|Any CPU.Build.0 = Release|Any CPU
		{B1234567-1234-1234-1234-123456789ABC}.Release|x64.ActiveCfg = Release|Any CPU
		{B1234567-1234-1234-1234-123456789ABC}.Release|x64.Build.0 = Release|Any CPU
		{B1234567-1234-1234-1234-123456789ABC}.Release|x86.ActiveCfg = Release|Any CPU
		{B1234567-1234-1234-1234-123456789ABC}.Release|x86.Build.0 = Release|Any CPU
		{C1234567-1234-1234-1234-123456789ABC}.Debug|Any CPU.ActiveCfg = Debug|Any CPU
		{C1234567-1234-1234-1234-123456789ABC}.Debug|Any CPU.Build.0 = Debug|Any CPU
		{C1234567-1234-1234-1234-123456789ABC}.Debug|x64.ActiveCfg = Debug|Any CPU
		{C1234567-1234-1234-1234-123456789ABC}.Debug|x64.Build.0 = Debug|Any CPU
		{C1234567-1234-1234-1234-123456789ABC}.Debug|x86.ActiveCfg = Debug|Any CPU
		{C1234567-1234-1234-1234-123456789ABC}.Debug|x86.Build.0 = Debug|Any CPU
		{C1234567-1234-1234-1234-123456789ABC}.Release|Any CPU.ActiveCfg = Release|Any CPU
		{C1234567-1234-1234-1234-123456789ABC}.Release|Any CPU.Build.0 = Release|Any CPU
		{C1234567-1234-1234-1234-123456789ABC}.Release|x64.ActiveCfg = Release|Any CPU
		{C1234567-1234-1234-1234-123456789ABC}.Release|x64.Build.0 = Release|Any CPU
		{C1234567-1234-1234-1234-123456789ABC}.Release|x86.ActiveCfg = Release|Any CPU
		{C1234567-1234-1234-1234-123456789ABC}.Release|x86.Build.0 = Release|Any CPU
		{CD970AA6-D978-4BD9-8F90-9C023DB6BB0D}.Debug|Any CPU.ActiveCfg = Debug|Any CPU
		{CD970AA6-D978-4BD9-8F90-9C023DB6BB0D}.Debug|Any CPU.Build.0 = Debug|Any CPU
		{CD970AA6-D978-4BD9-8F90-9C023DB6BB0D}.Debug|x64.ActiveCfg = Debug|Any CPU
		{CD970AA6-D978-4BD9-8F90-9C023DB6BB0D}.Debug|x64.Build.0 = Debug|Any CPU
		{CD970AA6-D978-4BD9-8F90-9C023DB6BB0D}.Debug|x86.ActiveCfg = Debug|Any CPU
		{CD970AA6-D978-4BD9-8F90-9C023DB6BB0D}.Debug|x86.Build.0 = Debug|Any CPU
		{CD970AA6-D978-4BD9-8F90-9C023DB6BB0D}.Release|Any CPU.ActiveCfg = Release|Any CPU
		{CD970AA6-D978-4BD9-8F90-9C023DB6BB0D}.Release|Any CPU.Build.0 = Release|Any CPU
		{CD970AA6-D978-4BD9-8F90-9C023DB6BB0D}.Release|x64.ActiveCfg = Release|Any CPU
		{CD970AA6-D978-4BD9-8F90-9C023DB6BB0D}.Release|x64.Build.0 = Release|Any CPU
		{CD970AA6-D978-4BD9-8F90-9C023DB6BB0D}.Release|x86.ActiveCfg = Release|Any CPU
		{CD970AA6-D978-4BD9-8F90-9C023DB6BB0D}.Release|x86.Build.0 = Release|Any CPU
		{A2C8A177-2A96-4DD2-B928-C557DF75A173}.Debug|Any CPU.ActiveCfg = Debug|Any CPU
		{A2C8A177-2A96-4DD2-B928-C557DF75A173}.Debug|Any CPU.Build.0 = Debug|Any CPU
		{A2C8A177-2A96-4DD2-B928-C557DF75A173}.Debug|x64.ActiveCfg = Debug|Any CPU
		{A2C8A177-2A96-4DD2-B928-C557DF75A173}.Debug|x64.Build.0 = Debug|Any CPU
		{A2C8A177-2A96-4DD2-B928-C557DF75A173}.Debug|x86.ActiveCfg = Debug|Any CPU
		{A2C8A177-2A96-4DD2-B928-C557DF75A173}.Debug|x86.Build.0 = Debug|Any CPU
		{A2C8A177-2A96-4DD2-B928-C557DF75A173}.Release|Any CPU.ActiveCfg = Release|Any CPU
		{A2C8A177-2A96-4DD2-B928-C557DF75A173}.Release|Any CPU.Build.0 = Release|Any CPU
		{A2C8A177-2A96-4DD2-B928-C557DF75A173}.Release|x64.ActiveCfg = Release|Any CPU
		{A2C8A177-2A96-4DD2-B928-C557DF75A173}.Release|x64.Build.0 = Release|Any CPU
		{A2C8A177-2A96-4DD2-B928-C557DF75A173}.Release|x86.ActiveCfg = Release|Any CPU
		{A2C8A177-2A96-4DD2-B928-C557DF75A173}.Release|x86.Build.0 = Release|Any CPU
		{105033B4-9881-496C-AD05-FB0023623922}.Debug|Any CPU.ActiveCfg = Debug|Any CPU
		{105033B4-9881-496C-AD05-FB0023623922}.Debug|Any CPU.Build.0 = Debug|Any CPU
		{105033B4-9881-496C-AD05-FB0023623922}.Debug|x64.ActiveCfg = Debug|Any CPU
		{105033B4-9881-496C-AD05-FB0023623922}.Debug|x64.Build.0 = Debug|Any CPU
		{105033B4-9881-496C-AD05-FB0023623922}.Debug|x86.ActiveCfg = Debug|Any CPU
		{105033B4-9881-496C-AD05-FB0023623922}.Debug|x86.Build.0 = Debug|Any CPU
		{105033B4-9881-496C-AD05-FB0023623922}.Release|Any CPU.ActiveCfg = Release|Any CPU
		{105033B4-9881-496C-AD05-FB0023623922}.Release|Any CPU.Build.0 = Release|Any CPU
		{105033B4-9881-496C-AD05-FB0023623922}.Release|x64.ActiveCfg = Release|Any CPU
		{105033B4-9881-496C-AD05-FB0023623922}.Release|x64.Build.0 = Release|Any CPU
		{105033B4-9881-496C-AD05-FB0023623922}.Release|x86.ActiveCfg = Release|Any CPU
		{105033B4-9881-496C-AD05-FB0023623922}.Release|x86.Build.0 = Release|Any CPU
		{3FAEB3A9-DB03-48E6-A82C-5EEC8CB4A03A}.Debug|Any CPU.ActiveCfg = Debug|Any CPU
		{3FAEB3A9-DB03-48E6-A82C-5EEC8CB4A03A}.Debug|Any CPU.Build.0 = Debug|Any CPU
		{3FAEB3A9-DB03-48E6-A82C-5EEC8CB4A03A}.Debug|x64.ActiveCfg = Debug|Any CPU
		{3FAEB3A9-DB03-48E6-A82C-5EEC8CB4A03A}.Debug|x64.Build.0 = Debug|Any CPU
		{3FAEB3A9-DB03-48E6-A82C-5EEC8CB4A03A}.Debug|x86.ActiveCfg = Debug|Any CPU
		{3FAEB3A9-DB03-48E6-A82C-5EEC8CB4A03A}.Debug|x86.Build.0 = Debug|Any CPU
		{3FAEB3A9-DB03-48E6-A82C-5EEC8CB4A03A}.Release|Any CPU.ActiveCfg = Release|Any CPU
		{3FAEB3A9-DB03-48E6-A82C-5EEC8CB4A03A}.Release|Any CPU.Build.0 = Release|Any CPU
		{3FAEB3A9-DB03-48E6-A82C-5EEC8CB4A03A}.Release|x64.ActiveCfg = Release|Any CPU
		{3FAEB3A9-DB03-48E6-A82C-5EEC8CB4A03A}.Release|x64.Build.0 = Release|Any CPU
		{3FAEB3A9-DB03-48E6-A82C-5EEC8CB4A03A}.Release|x86.ActiveCfg = Release|Any CPU
		{3FAEB3A9-DB03-48E6-A82C-5EEC8CB4A03A}.Release|x86.Build.0 = Release|Any CPU
		{44357D2C-7372-4A47-97EE-02BAC92E071A}.Debug|Any CPU.ActiveCfg = Debug|Any CPU
		{44357D2C-7372-4A47-97EE-02BAC92E071A}.Debug|Any CPU.Build.0 = Debug|Any CPU
		{44357D2C-7372-4A47-97EE-02BAC92E071A}.Debug|x64.ActiveCfg = Debug|Any CPU
		{44357D2C-7372-4A47-97EE-02BAC92E071A}.Debug|x64.Build.0 = Debug|Any CPU
		{44357D2C-7372-4A47-97EE-02BAC92E071A}.Debug|x86.ActiveCfg = Debug|Any CPU
		{44357D2C-7372-4A47-97EE-02BAC92E071A}.Debug|x86.Build.0 = Debug|Any CPU
		{44357D2C-7372-4A47-97EE-02BAC92E071A}.Release|Any CPU.ActiveCfg = Release|Any CPU
		{44357D2C-7372-4A47-97EE-02BAC92E071A}.Release|Any CPU.Build.0 = Release|Any CPU
		{44357D2C-7372-4A47-97EE-02BAC92E071A}.Release|x64.ActiveCfg = Release|Any CPU
		{44357D2C-7372-4A47-97EE-02BAC92E071A}.Release|x64.Build.0 = Release|Any CPU
		{44357D2C-7372-4A47-97EE-02BAC92E071A}.Release|x86.ActiveCfg = Release|Any CPU
		{44357D2C-7372-4A47-97EE-02BAC92E071A}.Release|x86.Build.0 = Release|Any CPU
		{28640B57-AB32-4463-A1AD-B7B31F27C112}.Debug|Any CPU.ActiveCfg = Debug|Any CPU
		{28640B57-AB32-4463-A1AD-B7B31F27C112}.Debug|Any CPU.Build.0 = Debug|Any CPU
		{28640B57-AB32-4463-A1AD-B7B31F27C112}.Debug|x64.ActiveCfg = Debug|Any CPU
		{28640B57-AB32-4463-A1AD-B7B31F27C112}.Debug|x64.Build.0 = Debug|Any CPU
		{28640B57-AB32-4463-A1AD-B7B31F27C112}.Debug|x86.ActiveCfg = Debug|Any CPU
		{28640B57-AB32-4463-A1AD-B7B31F27C112}.Debug|x86.Build.0 = Debug|Any CPU
		{28640B57-AB32-4463-A1AD-B7B31F27C112}.Release|Any CPU.ActiveCfg = Release|Any CPU
		{28640B57-AB32-4463-A1AD-B7B31F27C112}.Release|Any CPU.Build.0 = Release|Any CPU
		{28640B57-AB32-4463-A1AD-B7B31F27C112}.Release|x64.ActiveCfg = Release|Any CPU
		{28640B57-AB32-4463-A1AD-B7B31F27C112}.Release|x64.Build.0 = Release|Any CPU
		{28640B57-AB32-4463-A1AD-B7B31F27C112}.Release|x86.ActiveCfg = Release|Any CPU
		{28640B57-AB32-4463-A1AD-B7B31F27C112}.Release|x86.Build.0 = Release|Any CPU
		{B795CBE0-00CA-4B2E-B597-BE65D50F8937}.Debug|Any CPU.ActiveCfg = Debug|Any CPU
		{B795CBE0-00CA-4B2E-B597-BE65D50F8937}.Debug|Any CPU.Build.0 = Debug|Any CPU
		{B795CBE0-00CA-4B2E-B597-BE65D50F8937}.Debug|x64.ActiveCfg = Debug|Any CPU
		{B795CBE0-00CA-4B2E-B597-BE65D50F8937}.Debug|x64.Build.0 = Debug|Any CPU
		{B795CBE0-00CA-4B2E-B597-BE65D50F8937}.Debug|x86.ActiveCfg = Debug|Any CPU
		{B795CBE0-00CA-4B2E-B597-BE65D50F8937}.Debug|x86.Build.0 = Debug|Any CPU
		{B795CBE0-00CA-4B2E-B597-BE65D50F8937}.Release|Any CPU.ActiveCfg = Release|Any CPU
		{B795CBE0-00CA-4B2E-B597-BE65D50F8937}.Release|Any CPU.Build.0 = Release|Any CPU
		{B795CBE0-00CA-4B2E-B597-BE65D50F8937}.Release|x64.ActiveCfg = Release|Any CPU
		{B795CBE0-00CA-4B2E-B597-BE65D50F8937}.Release|x64.Build.0 = Release|Any CPU
		{B795CBE0-00CA-4B2E-B597-BE65D50F8937}.Release|x86.ActiveCfg = Release|Any CPU
		{B795CBE0-00CA-4B2E-B597-BE65D50F8937}.Release|x86.Build.0 = Release|Any CPU
		{4345EA90-2E9E-4B73-B01B-8FD14E9F47AD}.Debug|Any CPU.ActiveCfg = Debug|Any CPU
		{4345EA90-2E9E-4B73-B01B-8FD14E9F47AD}.Debug|Any CPU.Build.0 = Debug|Any CPU
		{4345EA90-2E9E-4B73-B01B-8FD14E9F47AD}.Debug|x64.ActiveCfg = Debug|Any CPU
		{4345EA90-2E9E-4B73-B01B-8FD14E9F47AD}.Debug|x64.Build.0 = Debug|Any CPU
		{4345EA90-2E9E-4B73-B01B-8FD14E9F47AD}.Debug|x86.ActiveCfg = Debug|Any CPU
		{4345EA90-2E9E-4B73-B01B-8FD14E9F47AD}.Debug|x86.Build.0 = Debug|Any CPU
		{4345EA90-2E9E-4B73-B01B-8FD14E9F47AD}.Release|Any CPU.ActiveCfg = Release|Any CPU
		{4345EA90-2E9E-4B73-B01B-8FD14E9F47AD}.Release|Any CPU.Build.0 = Release|Any CPU
		{4345EA90-2E9E-4B73-B01B-8FD14E9F47AD}.Release|x64.ActiveCfg = Release|Any CPU
		{4345EA90-2E9E-4B73-B01B-8FD14E9F47AD}.Release|x64.Build.0 = Release|Any CPU
		{4345EA90-2E9E-4B73-B01B-8FD14E9F47AD}.Release|x86.ActiveCfg = Release|Any CPU
		{4345EA90-2E9E-4B73-B01B-8FD14E9F47AD}.Release|x86.Build.0 = Release|Any CPU
		{460ACF5B-8DAD-47DD-AA3A-DF10D331C11C}.Debug|Any CPU.ActiveCfg = Debug|Any CPU
		{460ACF5B-8DAD-47DD-AA3A-DF10D331C11C}.Debug|Any CPU.Build.0 = Debug|Any CPU
		{460ACF5B-8DAD-47DD-AA3A-DF10D331C11C}.Debug|x64.ActiveCfg = Debug|Any CPU
		{460ACF5B-8DAD-47DD-AA3A-DF10D331C11C}.Debug|x64.Build.0 = Debug|Any CPU
		{460ACF5B-8DAD-47DD-AA3A-DF10D331C11C}.Debug|x86.ActiveCfg = Debug|Any CPU
		{460ACF5B-8DAD-47DD-AA3A-DF10D331C11C}.Debug|x86.Build.0 = Debug|Any CPU
		{460ACF5B-8DAD-47DD-AA3A-DF10D331C11C}.Release|Any CPU.ActiveCfg = Release|Any CPU
		{460ACF5B-8DAD-47DD-AA3A-DF10D331C11C}.Release|Any CPU.Build.0 = Release|Any CPU
		{460ACF5B-8DAD-47DD-AA3A-DF10D331C11C}.Release|x64.ActiveCfg = Release|Any CPU
		{460ACF5B-8DAD-47DD-AA3A-DF10D331C11C}.Release|x64.Build.0 = Release|Any CPU
		{460ACF5B-8DAD-47DD-AA3A-DF10D331C11C}.Release|x86.ActiveCfg = Release|Any CPU
		{460ACF5B-8DAD-47DD-AA3A-DF10D331C11C}.Release|x86.Build.0 = Release|Any CPU
	EndGlobalSection
	GlobalSection(SolutionProperties) = preSolution
		HideSolutionNode = FALSE
	EndGlobalSection
	GlobalSection(NestedProjects) = preSolution
		{CD970AA6-D978-4BD9-8F90-9C023DB6BB0D} = {054E098A-DE7F-C2E2-D498-DCF28B4B3A18}
		{A2C8A177-2A96-4DD2-B928-C557DF75A173} = {91848824-DE2F-F91E-F172-D8D4BD0164AA}
		{105033B4-9881-496C-AD05-FB0023623922} = {F21C9BF3-AE8D-BEA1-BF85-B7CF85C223EF}
		{3FAEB3A9-DB03-48E6-A82C-5EEC8CB4A03A} = {66320409-64EC-F7C5-3DEF-65E7510DAAD1}
		{2623FEAD-77C6-7BB6-5D83-B5359FC60587} = {91965E0B-06BD-F923-E875-453ABCE7E137}
		{44357D2C-7372-4A47-97EE-02BAC92E071A} = {2623FEAD-77C6-7BB6-5D83-B5359FC60587}
		{28640B57-AB32-4463-A1AD-B7B31F27C112} = {2623FEAD-77C6-7BB6-5D83-B5359FC60587}
		{B795CBE0-00CA-4B2E-B597-BE65D50F8937} = {2623FEAD-77C6-7BB6-5D83-B5359FC60587}
		{4345EA90-2E9E-4B73-B01B-8FD14E9F47AD} = {74B44C54-1F1E-3391-2507-55D1D8F9031C}
		{2888333E-3AC2-D8FF-2B50-8CDB78D3AFA4} = {57067FB5-FBD7-55BD-3751-471D2593C55B}
		{460ACF5B-8DAD-47DD-AA3A-DF10D331C11C} = {2888333E-3AC2-D8FF-2B50-8CDB78D3AFA4}
	EndGlobalSection
EndGlobal
